
Microsoft Visual Studio Solution File, Format Version 12.00
# Visual Studio Version 16
VisualStudioVersion = 16.0.29728.190
MinimumVisualStudioVersion = 10.0.40219.1
Project("{FAE04EC0-301F-11D3-BF4B-00C04F79EFBC}") = "Register_Login.UWP", "Register_Login\Register_Login.UWP\Register_Login.UWP.csproj", "{FEE67AA3-82FC-499C-BBCA-0A9FF13931CC}"
EndProject
Project("{FAE04EC0-301F-11D3-BF4B-00C04F79EFBC}") = "Register_Login.Android", "Register_Login\Register_Login.Android\Register_Login.Android.csproj", "{4FA76192-1BE3-4CBE-AE39-5078FD10F641}"
EndProject
Project("{FAE04EC0-301F-11D3-BF4B-00C04F79EFBC}") = "Register_Login.iOS", "Register_Login\Register_Login.iOS\Register_Login.iOS.csproj", "{BECBB2AF-186B-44D8-80CF-1637D93D8FAD}"
EndProject
Project("{FAE04EC0-301F-11D3-BF4B-00C04F79EFBC}") = "Register_Login", "Register_Login\Register_Login\Register_Login.csproj", "{6FB8E5AE-786C-4D9A-970E-717A344EB47D}"
EndProject
Global
	GlobalSection(SolutionConfigurationPlatforms) = preSolution
		Debug|Any CPU = Debug|Any CPU
		Debug|ARM = Debug|ARM
		Debug|iPhone = Debug|iPhone
		Debug|iPhoneSimulator = Debug|iPhoneSimulator
		Debug|x64 = Debug|x64
		Debug|x86 = Debug|x86
		Release|Any CPU = Release|Any CPU
		Release|ARM = Release|ARM
		Release|iPhone = Release|iPhone
		Release|iPhoneSimulator = Release|iPhoneSimulator
		Release|x64 = Release|x64
		Release|x86 = Release|x86
	EndGlobalSection
	GlobalSection(ProjectConfigurationPlatforms) = postSolution
		{FEE67AA3-82FC-499C-BBCA-0A9FF13931CC}.Debug|Any CPU.ActiveCfg = Debug|x86
		{FEE67AA3-82FC-499C-BBCA-0A9FF13931CC}.Debug|Any CPU.Build.0 = Debug|x86
		{FEE67AA3-82FC-499C-BBCA-0A9FF13931CC}.Debug|Any CPU.Deploy.0 = Debug|x86
		{FEE67AA3-82FC-499C-BBCA-0A9FF13931CC}.Debug|ARM.ActiveCfg = Debug|ARM
		{FEE67AA3-82FC-499C-BBCA-0A9FF13931CC}.Debug|ARM.Build.0 = Debug|ARM
		{FEE67AA3-82FC-499C-BBCA-0A9FF13931CC}.Debug|ARM.Deploy.0 = Debug|ARM
		{FEE67AA3-82FC-499C-BBCA-0A9FF13931CC}.Debug|iPhone.ActiveCfg = Debug|x86
		{FEE67AA3-82FC-499C-BBCA-0A9FF13931CC}.Debug|iPhone.Build.0 = Debug|x86
		{FEE67AA3-82FC-499C-BBCA-0A9FF13931CC}.Debug|iPhone.Deploy.0 = Debug|x86
		{FEE67AA3-82FC-499C-BBCA-0A9FF13931CC}.Debug|iPhoneSimulator.ActiveCfg = Debug|x86
		{FEE67AA3-82FC-499C-BBCA-0A9FF13931CC}.Debug|iPhoneSimulator.Build.0 = Debug|x86
		{FEE67AA3-82FC-499C-BBCA-0A9FF13931CC}.Debug|iPhoneSimulator.Deploy.0 = Debug|x86
		{FEE67AA3-82FC-499C-BBCA-0A9FF13931CC}.Debug|x64.ActiveCfg = Debug|x64
		{FEE67AA3-82FC-499C-BBCA-0A9FF13931CC}.Debug|x64.Build.0 = Debug|x64
		{FEE67AA3-82FC-499C-BBCA-0A9FF13931CC}.Debug|x64.Deploy.0 = Debug|x64
		{FEE67AA3-82FC-499C-BBCA-0A9FF13931CC}.Debug|x86.ActiveCfg = Debug|x86
		{FEE67AA3-82FC-499C-BBCA-0A9FF13931CC}.Debug|x86.Build.0 = Debug|x86
		{FEE67AA3-82FC-499C-BBCA-0A9FF13931CC}.Debug|x86.Deploy.0 = Debug|x86
		{FEE67AA3-82FC-499C-BBCA-0A9FF13931CC}.Release|Any CPU.ActiveCfg = Release|x86
		{FEE67AA3-82FC-499C-BBCA-0A9FF13931CC}.Release|Any CPU.Build.0 = Release|x86
		{FEE67AA3-82FC-499C-BBCA-0A9FF13931CC}.Release|Any CPU.Deploy.0 = Release|x86
		{FEE67AA3-82FC-499C-BBCA-0A9FF13931CC}.Release|ARM.ActiveCfg = Release|ARM
		{FEE67AA3-82FC-499C-BBCA-0A9FF13931CC}.Release|ARM.Build.0 = Release|ARM
		{FEE67AA3-82FC-499C-BBCA-0A9FF13931CC}.Release|ARM.Deploy.0 = Release|ARM
		{FEE67AA3-82FC-499C-BBCA-0A9FF13931CC}.Release|iPhone.ActiveCfg = Release|x86
		{FEE67AA3-82FC-499C-BBCA-0A9FF13931CC}.Release|iPhone.Build.0 = Release|x86
		{FEE67AA3-82FC-499C-BBCA-0A9FF13931CC}.Release|iPhone.Deploy.0 = Release|x86
		{FEE67AA3-82FC-499C-BBCA-0A9FF13931CC}.Release|iPhoneSimulator.ActiveCfg = Release|x86
		{FEE67AA3-82FC-499C-BBCA-0A9FF13931CC}.Release|iPhoneSimulator.Build.0 = Release|x86
		{FEE67AA3-82FC-499C-BBCA-0A9FF13931CC}.Release|iPhoneSimulator.Deploy.0 = Release|x86
		{FEE67AA3-82FC-499C-BBCA-0A9FF13931CC}.Release|x64.ActiveCfg = Release|x64
		{FEE67AA3-82FC-499C-BBCA-0A9FF13931CC}.Release|x64.Build.0 = Release|x64
		{FEE67AA3-82FC-499C-BBCA-0A9FF13931CC}.Release|x64.Deploy.0 = Release|x64
		{FEE67AA3-82FC-499C-BBCA-0A9FF13931CC}.Release|x86.ActiveCfg = Release|x86
		{FEE67AA3-82FC-499C-BBCA-0A9FF13931CC}.Release|x86.Build.0 = Release|x86
		{FEE67AA3-82FC-499C-BBCA-0A9FF13931CC}.Release|x86.Deploy.0 = Release|x86
		{4FA76192-1BE3-4CBE-AE39-5078FD10F641}.Debug|Any CPU.ActiveCfg = Debug|Any CPU
		{4FA76192-1BE3-4CBE-AE39-5078FD10F641}.Debug|Any CPU.Build.0 = Debug|Any CPU
		{4FA76192-1BE3-4CBE-AE39-5078FD10F641}.Debug|Any CPU.Deploy.0 = Debug|Any CPU
		{4FA76192-1BE3-4CBE-AE39-5078FD10F641}.Debug|ARM.ActiveCfg = Debug|Any CPU
		{4FA76192-1BE3-4CBE-AE39-5078FD10F641}.Debug|ARM.Build.0 = Debug|Any CPU
		{4FA76192-1BE3-4CBE-AE39-5078FD10F641}.Debug|ARM.Deploy.0 = Debug|Any CPU
		{4FA76192-1BE3-4CBE-AE39-5078FD10F641}.Debug|iPhone.ActiveCfg = Debug|Any CPU
		{4FA76192-1BE3-4CBE-AE39-5078FD10F641}.Debug|iPhone.Build.0 = Debug|Any CPU
		{4FA76192-1BE3-4CBE-AE39-5078FD10F641}.Debug|iPhone.Deploy.0 = Debug|Any CPU
		{4FA76192-1BE3-4CBE-AE39-5078FD10F641}.Debug|iPhoneSimulator.ActiveCfg = Debug|Any CPU
		{4FA76192-1BE3-4CBE-AE39-5078FD10F641}.Debug|iPhoneSimulator.Build.0 = Debug|Any CPU
		{4FA76192-1BE3-4CBE-AE39-5078FD10F641}.Debug|iPhoneSimulator.Deploy.0 = Debug|Any CPU
		{4FA76192-1BE3-4CBE-AE39-5078FD10F641}.Debug|x64.ActiveCfg = Debug|Any CPU
		{4FA76192-1BE3-4CBE-AE39-5078FD10F641}.Debug|x64.Build.0 = Debug|Any CPU
		{4FA76192-1BE3-4CBE-AE39-5078FD10F641}.Debug|x64.Deploy.0 = Debug|Any CPU
		{4FA76192-1BE3-4CBE-AE39-5078FD10F641}.Debug|x86.ActiveCfg = Debug|Any CPU
		{4FA76192-1BE3-4CBE-AE39-5078FD10F641}.Debug|x86.Build.0 = Debug|Any CPU
		{4FA76192-1BE3-4CBE-AE39-5078FD10F641}.Debug|x86.Deploy.0 = Debug|Any CPU
		{4FA76192-1BE3-4CBE-AE39-5078FD10F641}.Release|Any CPU.ActiveCfg = Release|Any CPU
		{4FA76192-1BE3-4CBE-AE39-5078FD10F641}.Release|Any CPU.Build.0 = Release|Any CPU
		{4FA76192-1BE3-4CBE-AE39-5078FD10F641}.Release|Any CPU.Deploy.0 = Release|Any CPU
		{4FA76192-1BE3-4CBE-AE39-5078FD10F641}.Release|ARM.ActiveCfg = Release|Any CPU
		{4FA76192-1BE3-4CBE-AE39-5078FD10F641}.Release|ARM.Build.0 = Release|Any CPU
		{4FA76192-1BE3-4CBE-AE39-5078FD10F641}.Release|ARM.Deploy.0 = Release|Any CPU
		{4FA76192-1BE3-4CBE-AE39-5078FD10F641}.Release|iPhone.ActiveCfg = Release|Any CPU
		{4FA76192-1BE3-4CBE-AE39-5078FD10F641}.Release|iPhone.Build.0 = Release|Any CPU
		{4FA76192-1BE3-4CBE-AE39-5078FD10F641}.Release|iPhone.Deploy.0 = Release|Any CPU
		{4FA76192-1BE3-4CBE-AE39-5078FD10F641}.Release|iPhoneSimulator.ActiveCfg = Release|Any CPU
		{4FA76192-1BE3-4CBE-AE39-5078FD10F641}.Release|iPhoneSimulator.Build.0 = Release|Any CPU
		{4FA76192-1BE3-4CBE-AE39-5078FD10F641}.Release|iPhoneSimulator.Deploy.0 = Release|Any CPU
		{4FA76192-1BE3-4CBE-AE39-5078FD10F641}.Release|x64.ActiveCfg = Release|Any CPU
		{4FA76192-1BE3-4CBE-AE39-5078FD10F641}.Release|x64.Build.0 = Release|Any CPU
		{4FA76192-1BE3-4CBE-AE39-5078FD10F641}.Release|x64.Deploy.0 = Release|Any CPU
		{4FA76192-1BE3-4CBE-AE39-5078FD10F641}.Release|x86.ActiveCfg = Release|Any CPU
		{4FA76192-1BE3-4CBE-AE39-5078FD10F641}.Release|x86.Build.0 = Release|Any CPU
		{4FA76192-1BE3-4CBE-AE39-5078FD10F641}.Release|x86.Deploy.0 = Release|Any CPU
		{BECBB2AF-186B-44D8-80CF-1637D93D8FAD}.Debug|Any CPU.ActiveCfg = Debug|iPhone
		{BECBB2AF-186B-44D8-80CF-1637D93D8FAD}.Debug|Any CPU.Build.0 = Debug|iPhone
		{BECBB2AF-186B-44D8-80CF-1637D93D8FAD}.Debug|Any CPU.Deploy.0 = Debug|iPhone
		{BECBB2AF-186B-44D8-80CF-1637D93D8FAD}.Debug|ARM.ActiveCfg = Debug|iPhoneSimulator
		{BECBB2AF-186B-44D8-80CF-1637D93D8FAD}.Debug|ARM.Build.0 = Debug|iPhoneSimulator
		{BECBB2AF-186B-44D8-80CF-1637D93D8FAD}.Debug|ARM.Deploy.0 = Debug|iPhoneSimulator
		{BECBB2AF-186B-44D8-80CF-1637D93D8FAD}.Debug|iPhone.ActiveCfg = Debug|iPhone
		{BECBB2AF-186B-44D8-80CF-1637D93D8FAD}.Debug|iPhone.Build.0 = Debug|iPhone
		{BECBB2AF-186B-44D8-80CF-1637D93D8FAD}.Debug|iPhone.Deploy.0 = Debug|iPhone
		{BECBB2AF-186B-44D8-80CF-1637D93D8FAD}.Debug|iPhoneSimulator.ActiveCfg = Debug|iPhoneSimulator
		{BECBB2AF-186B-44D8-80CF-1637D93D8FAD}.Debug|iPhoneSimulator.Build.0 = Debug|iPhoneSimulator
		{BECBB2AF-186B-44D8-80CF-1637D93D8FAD}.Debug|iPhoneSimulator.Deploy.0 = Debug|iPhoneSimulator
		{BECBB2AF-186B-44D8-80CF-1637D93D8FAD}.Debug|x64.ActiveCfg = Debug|iPhone
		{BECBB2AF-186B-44D8-80CF-1637D93D8FAD}.Debug|x64.Build.0 = Debug|iPhone
		{BECBB2AF-186B-44D8-80CF-1637D93D8FAD}.Debug|x64.Deploy.0 = Debug|iPhone
		{BECBB2AF-186B-44D8-80CF-1637D93D8FAD}.Debug|x86.ActiveCfg = Debug|iPhone
		{BECBB2AF-186B-44D8-80CF-1637D93D8FAD}.Debug|x86.Build.0 = Debug|iPhone
		{BECBB2AF-186B-44D8-80CF-1637D93D8FAD}.Debug|x86.Deploy.0 = Debug|iPhone
		{BECBB2AF-186B-44D8-80CF-1637D93D8FAD}.Release|Any CPU.ActiveCfg = Release|iPhone
		{BECBB2AF-186B-44D8-80CF-1637D93D8FAD}.Release|Any CPU.Build.0 = Release|iPhone
		{BECBB2AF-186B-44D8-80CF-1637D93D8FAD}.Release|Any CPU.Deploy.0 = Release|iPhone
		{BECBB2AF-186B-44D8-80CF-1637D93D8FAD}.Release|ARM.ActiveCfg = Release|iPhone
		{BECBB2AF-186B-44D8-80CF-1637D93D8FAD}.Release|ARM.Build.0 = Release|iPhone
		{BECBB2AF-186B-44D8-80CF-1637D93D8FAD}.Release|ARM.Deploy.0 = Release|iPhone
		{BECBB2AF-186B-44D8-80CF-1637D93D8FAD}.Release|iPhone.ActiveCfg = Release|iPhone
		{BECBB2AF-186B-44D8-80CF-1637D93D8FAD}.Release|iPhone.Build.0 = Release|iPhone
		{BECBB2AF-186B-44D8-80CF-1637D93D8FAD}.Release|iPhone.Deploy.0 = Release|iPhone
		{BECBB2AF-186B-44D8-80CF-1637D93D8FAD}.Release|iPhoneSimulator.ActiveCfg = Release|iPhoneSimulator
		{BECBB2AF-186B-44D8-80CF-1637D93D8FAD}.Release|iPhoneSimulator.Build.0 = Release|iPhoneSimulator
		{BECBB2AF-186B-44D8-80CF-1637D93D8FAD}.Release|iPhoneSimulator.Deploy.0 = Release|iPhoneSimulator
		{BECBB2AF-186B-44D8-80CF-1637D93D8FAD}.Release|x64.ActiveCfg = Release|iPhone
		{BECBB2AF-186B-44D8-80CF-1637D93D8FAD}.Release|x64.Build.0 = Release|iPhone
		{BECBB2AF-186B-44D8-80CF-1637D93D8FAD}.Release|x64.Deploy.0 = Release|iPhone
		{BECBB2AF-186B-44D8-80CF-1637D93D8FAD}.Release|x86.ActiveCfg = Release|iPhone
		{BECBB2AF-186B-44D8-80CF-1637D93D8FAD}.Release|x86.Build.0 = Release|iPhone
		{BECBB2AF-186B-44D8-80CF-1637D93D8FAD}.Release|x86.Deploy.0 = Release|iPhone
		{6FB8E5AE-786C-4D9A-970E-717A344EB47D}.Debug|Any CPU.ActiveCfg = Debug|Any CPU
		{6FB8E5AE-786C-4D9A-970E-717A344EB47D}.Debug|Any CPU.Build.0 = Debug|Any CPU
		{6FB8E5AE-786C-4D9A-970E-717A344EB47D}.Debug|Any CPU.Deploy.0 = Debug|Any CPU
		{6FB8E5AE-786C-4D9A-970E-717A344EB47D}.Debug|ARM.ActiveCfg = Debug|Any CPU
		{6FB8E5AE-786C-4D9A-970E-717A344EB47D}.Debug|ARM.Build.0 = Debug|Any CPU
		{6FB8E5AE-786C-4D9A-970E-717A344EB47D}.Debug|ARM.Deploy.0 = Debug|Any CPU
		{6FB8E5AE-786C-4D9A-970E-717A344EB47D}.Debug|iPhone.ActiveCfg = Debug|Any CPU
		{6FB8E5AE-786C-4D9A-970E-717A344EB47D}.Debug|iPhone.Build.0 = Debug|Any CPU
		{6FB8E5AE-786C-4D9A-970E-717A344EB47D}.Debug|iPhone.Deploy.0 = Debug|Any CPU
		{6FB8E5AE-786C-4D9A-970E-717A344EB47D}.Debug|iPhoneSimulator.ActiveCfg = Debug|Any CPU
		{6FB8E5AE-786C-4D9A-970E-717A344EB47D}.Debug|iPhoneSimulator.Build.0 = Debug|Any CPU
		{6FB8E5AE-786C-4D9A-970E-717A344EB47D}.Debug|iPhoneSimulator.Deploy.0 = Debug|Any CPU
		{6FB8E5AE-786C-4D9A-970E-717A344EB47D}.Debug|x64.ActiveCfg = Debug|Any CPU
		{6FB8E5AE-786C-4D9A-970E-717A344EB47D}.Debug|x64.Build.0 = Debug|Any CPU
		{6FB8E5AE-786C-4D9A-970E-717A344EB47D}.Debug|x64.Deploy.0 = Debug|Any CPU
		{6FB8E5AE-786C-4D9A-970E-717A344EB47D}.Debug|x86.ActiveCfg = Debug|Any CPU
		{6FB8E5AE-786C-4D9A-970E-717A344EB47D}.Debug|x86.Build.0 = Debug|Any CPU
		{6FB8E5AE-786C-4D9A-970E-717A344EB47D}.Debug|x86.Deploy.0 = Debug|Any CPU
		{6FB8E5AE-786C-4D9A-970E-717A344EB47D}.Release|Any CPU.ActiveCfg = Release|Any CPU
		{6FB8E5AE-786C-4D9A-970E-717A344EB47D}.Release|Any CPU.Build.0 = Release|Any CPU
		{6FB8E5AE-786C-4D9A-970E-717A344EB47D}.Release|Any CPU.Deploy.0 = Release|Any CPU
		{6FB8E5AE-786C-4D9A-970E-717A344EB47D}.Release|ARM.ActiveCfg = Release|Any CPU
		{6FB8E5AE-786C-4D9A-970E-717A344EB47D}.Release|ARM.Build.0 = Release|Any CPU
		{6FB8E5AE-786C-4D9A-970E-717A344EB47D}.Release|ARM.Deploy.0 = Release|Any CPU
		{6FB8E5AE-786C-4D9A-970E-717A344EB47D}.Release|iPhone.ActiveCfg = Release|Any CPU
		{6FB8E5AE-786C-4D9A-970E-717A344EB47D}.Release|iPhone.Build.0 = Release|Any CPU
		{6FB8E5AE-786C-4D9A-970E-717A344EB47D}.Release|iPhone.Deploy.0 = Release|Any CPU
		{6FB8E5AE-786C-4D9A-970E-717A344EB47D}.Release|iPhoneSimulator.ActiveCfg = Release|Any CPU
		{6FB8E5AE-786C-4D9A-970E-717A344EB47D}.Release|iPhoneSimulator.Build.0 = Release|Any CPU
		{6FB8E5AE-786C-4D9A-970E-717A344EB47D}.Release|iPhoneSimulator.Deploy.0 = Release|Any CPU
		{6FB8E5AE-786C-4D9A-970E-717A344EB47D}.Release|x64.ActiveCfg = Release|Any CPU
		{6FB8E5AE-786C-4D9A-970E-717A344EB47D}.Release|x64.Build.0 = Release|Any CPU
		{6FB8E5AE-786C-4D9A-970E-717A344EB47D}.Release|x64.Deploy.0 = Release|Any CPU
		{6FB8E5AE-786C-4D9A-970E-717A344EB47D}.Release|x86.ActiveCfg = Release|Any CPU
		{6FB8E5AE-786C-4D9A-970E-717A344EB47D}.Release|x86.Build.0 = Release|Any CPU
		{6FB8E5AE-786C-4D9A-970E-717A344EB47D}.Release|x86.Deploy.0 = Release|Any CPU
	EndGlobalSection
	GlobalSection(SolutionProperties) = preSolution
		HideSolutionNode = FALSE
	EndGlobalSection
	GlobalSection(ExtensibilityGlobals) = postSolution
		SolutionGuid = {81E3E453-54E9-47A6-AF84-DD722A2C3626}
	EndGlobalSection
EndGlobal
