
Microsoft Visual Studio Solution File, Format Version 12.00
# Visual Studio 15
VisualStudioVersion = 15.0.28307.779
MinimumVisualStudioVersion = 10.0.40219.1
Project("{FAE04EC0-301F-11D3-BF4B-00C04F79EFBC}") = "CA3_2019_11_9", "CA3_2019_11_9\CA3_2019_11_9.csproj", "{80858CCD-05A5-47B7-BE60-B63D748F2335}"
EndProject
Global
	GlobalSection(SolutionConfigurationPlatforms) = preSolution
		Debug|Any CPU = Debug|Any CPU
		Release|Any CPU = Release|Any CPU
	EndGlobalSection
	GlobalSection(ProjectConfigurationPlatforms) = postSolution
		{80858CCD-05A5-47B7-BE60-B63D748F2335}.Debug|Any CPU.ActiveCfg = Debug|Any CPU
		{80858CCD-05A5-47B7-BE60-B63D748F2335}.Debug|Any CPU.Build.0 = Debug|Any CPU
		{80858CCD-05A5-47B7-BE60-B63D748F2335}.Release|Any CPU.ActiveCfg = Release|Any CPU
		{80858CCD-05A5-47B7-BE60-B63D748F2335}.Release|Any CPU.Build.0 = Release|Any CPU
	EndGlobalSection
	GlobalSection(SolutionProperties) = preSolution
		HideSolutionNode = FALSE
	EndGlobalSection
	GlobalSection(ExtensibilityGlobals) = postSolution
		SolutionGuid = {53699B28-5CC8-4209-A5FD-CE68B7C6EC03}
	EndGlobalSection
EndGlobal
