
Microsoft Visual Studio Solution File, Format Version 12.00
# Visual Studio 15
Project("{FAE04EC0-301F-11D3-BF4B-00C04F79EFBC}") = "PicturesApp.Android", "PicturesApp.Android\PicturesApp.Android.csproj", "{DE635C87-400D-43AB-A27D-2978CB72986B}"
EndProject
Project("{FAE04EC0-301F-11D3-BF4B-00C04F79EFBC}") = "PicturesApp.iOS", "PicturesApp.iOS\PicturesApp.iOS.csproj", "{6B8332CC-4CC6-449C-8E39-F3D807FAA07C}"
EndProject
Project("{FAE04EC0-301F-11D3-BF4B-00C04F79EFBC}") = "PicturesApp", "PicturesApp\PicturesApp.csproj", "{7AA85DF4-3A6D-4DD5-B2D9-D295CE374350}"
EndProject
Global
	GlobalSection(SolutionConfigurationPlatforms) = preSolution
		Debug|Any CPU = Debug|Any CPU
		Release|Any CPU = Release|Any CPU
		Debug|iPhoneSimulator = Debug|iPhoneSimulator
		Release|iPhoneSimulator = Release|iPhoneSimulator
		Debug|iPhone = Debug|iPhone
		Release|iPhone = Release|iPhone
	EndGlobalSection
	GlobalSection(ProjectConfigurationPlatforms) = postSolution
		{DE635C87-400D-43AB-A27D-2978CB72986B}.Debug|Any CPU.ActiveCfg = Debug|Any CPU
		{DE635C87-400D-43AB-A27D-2978CB72986B}.Debug|Any CPU.Build.0 = Debug|Any CPU
		{DE635C87-400D-43AB-A27D-2978CB72986B}.Release|Any CPU.ActiveCfg = Release|Any CPU
		{DE635C87-400D-43AB-A27D-2978CB72986B}.Release|Any CPU.Build.0 = Release|Any CPU
		{DE635C87-400D-43AB-A27D-2978CB72986B}.Debug|iPhoneSimulator.ActiveCfg = Debug|Any CPU
		{DE635C87-400D-43AB-A27D-2978CB72986B}.Debug|iPhoneSimulator.Build.0 = Debug|Any CPU
		{DE635C87-400D-43AB-A27D-2978CB72986B}.Release|iPhoneSimulator.ActiveCfg = Release|Any CPU
		{DE635C87-400D-43AB-A27D-2978CB72986B}.Release|iPhoneSimulator.Build.0 = Release|Any CPU
		{DE635C87-400D-43AB-A27D-2978CB72986B}.Debug|iPhone.ActiveCfg = Debug|Any CPU
		{DE635C87-400D-43AB-A27D-2978CB72986B}.Debug|iPhone.Build.0 = Debug|Any CPU
		{DE635C87-400D-43AB-A27D-2978CB72986B}.Release|iPhone.ActiveCfg = Release|Any CPU
		{DE635C87-400D-43AB-A27D-2978CB72986B}.Release|iPhone.Build.0 = Release|Any CPU
		{6B8332CC-4CC6-449C-8E39-F3D807FAA07C}.Debug|Any CPU.ActiveCfg = Debug|iPhoneSimulator
		{6B8332CC-4CC6-449C-8E39-F3D807FAA07C}.Debug|Any CPU.Build.0 = Debug|iPhoneSimulator
		{6B8332CC-4CC6-449C-8E39-F3D807FAA07C}.Release|Any CPU.ActiveCfg = Release|iPhoneSimulator
		{6B8332CC-4CC6-449C-8E39-F3D807FAA07C}.Release|Any CPU.Build.0 = Release|iPhoneSimulator
		{6B8332CC-4CC6-449C-8E39-F3D807FAA07C}.Debug|iPhoneSimulator.ActiveCfg = Debug|iPhoneSimulator
		{6B8332CC-4CC6-449C-8E39-F3D807FAA07C}.Debug|iPhoneSimulator.Build.0 = Debug|iPhoneSimulator
		{6B8332CC-4CC6-449C-8E39-F3D807FAA07C}.Release|iPhoneSimulator.ActiveCfg = Release|iPhoneSimulator
		{6B8332CC-4CC6-449C-8E39-F3D807FAA07C}.Release|iPhoneSimulator.Build.0 = Release|iPhoneSimulator
		{6B8332CC-4CC6-449C-8E39-F3D807FAA07C}.Debug|iPhone.ActiveCfg = Debug|iPhone
		{6B8332CC-4CC6-449C-8E39-F3D807FAA07C}.Debug|iPhone.Build.0 = Debug|iPhone
		{6B8332CC-4CC6-449C-8E39-F3D807FAA07C}.Release|iPhone.ActiveCfg = Release|iPhone
		{6B8332CC-4CC6-449C-8E39-F3D807FAA07C}.Release|iPhone.Build.0 = Release|iPhone
		{7AA85DF4-3A6D-4DD5-B2D9-D295CE374350}.Debug|Any CPU.ActiveCfg = Debug|Any CPU
		{7AA85DF4-3A6D-4DD5-B2D9-D295CE374350}.Debug|Any CPU.Build.0 = Debug|Any CPU
		{7AA85DF4-3A6D-4DD5-B2D9-D295CE374350}.Release|Any CPU.ActiveCfg = Release|Any CPU
		{7AA85DF4-3A6D-4DD5-B2D9-D295CE374350}.Release|Any CPU.Build.0 = Release|Any CPU
		{7AA85DF4-3A6D-4DD5-B2D9-D295CE374350}.Debug|iPhoneSimulator.ActiveCfg = Debug|Any CPU
		{7AA85DF4-3A6D-4DD5-B2D9-D295CE374350}.Debug|iPhoneSimulator.Build.0 = Debug|Any CPU
		{7AA85DF4-3A6D-4DD5-B2D9-D295CE374350}.Release|iPhoneSimulator.ActiveCfg = Release|Any CPU
		{7AA85DF4-3A6D-4DD5-B2D9-D295CE374350}.Release|iPhoneSimulator.Build.0 = Release|Any CPU
		{7AA85DF4-3A6D-4DD5-B2D9-D295CE374350}.Debug|iPhone.ActiveCfg = Debug|Any CPU
		{7AA85DF4-3A6D-4DD5-B2D9-D295CE374350}.Debug|iPhone.Build.0 = Debug|Any CPU
		{7AA85DF4-3A6D-4DD5-B2D9-D295CE374350}.Release|iPhone.ActiveCfg = Release|Any CPU
		{7AA85DF4-3A6D-4DD5-B2D9-D295CE374350}.Release|iPhone.Build.0 = Release|Any CPU
	EndGlobalSection
EndGlobal
