
Microsoft Visual Studio Solution File, Format Version 12.00
# Visual Studio 15
VisualStudioVersion = 15.0.28307.779
MinimumVisualStudioVersion = 10.0.40219.1
Project("{FAE04EC0-301F-11D3-BF4B-00C04F79EFBC}") = "CA_2019_11_9", "CA_2019_11_9\CA_2019_11_9.csproj", "{BF06C1E3-E412-4B78-A3FF-4883835B842D}"
EndProject
Global
	GlobalSection(SolutionConfigurationPlatforms) = preSolution
		Debug|Any CPU = Debug|Any CPU
		Release|Any CPU = Release|Any CPU
	EndGlobalSection
	GlobalSection(ProjectConfigurationPlatforms) = postSolution
		{BF06C1E3-E412-4B78-A3FF-4883835B842D}.Debug|Any CPU.ActiveCfg = Debug|Any CPU
		{BF06C1E3-E412-4B78-A3FF-4883835B842D}.Debug|Any CPU.Build.0 = Debug|Any CPU
		{BF06C1E3-E412-4B78-A3FF-4883835B842D}.Release|Any CPU.ActiveCfg = Release|Any CPU
		{BF06C1E3-E412-4B78-A3FF-4883835B842D}.Release|Any CPU.Build.0 = Release|Any CPU
	EndGlobalSection
	GlobalSection(SolutionProperties) = preSolution
		HideSolutionNode = FALSE
	EndGlobalSection
	GlobalSection(ExtensibilityGlobals) = postSolution
		SolutionGuid = {E66F87E2-29F8-4594-914F-A7C4F59E59B0}
	EndGlobalSection
EndGlobal
