
Microsoft Visual Studio Solution File, Format Version 12.00
# Visual Studio 15
VisualStudioVersion = 15.0.28307.1000
MinimumVisualStudioVersion = 10.0.40219.1
Project("{FAE04EC0-301F-11D3-BF4B-00C04F79EFBC}") = "FirstForms.Android", "FirstForms\FirstForms.Android\FirstForms.Android.csproj", "{DFCC5C54-6CB8-47F8-A834-CBADB75B312C}"
EndProject
Project("{FAE04EC0-301F-11D3-BF4B-00C04F79EFBC}") = "FirstForms.iOS", "FirstForms\FirstForms.iOS\FirstForms.iOS.csproj", "{8E01A5E7-278E-4DAE-88BA-B6C133F6F074}"
EndProject
Project("{FAE04EC0-301F-11D3-BF4B-00C04F79EFBC}") = "FirstForms.UWP", "FirstForms\FirstForms.UWP\FirstForms.UWP.csproj", "{FB0E8EFD-D8E3-4B15-9BCF-E4DC5DD18C75}"
EndProject
Project("{FAE04EC0-301F-11D3-BF4B-00C04F79EFBC}") = "FirstForms", "FirstForms\FirstForms\FirstForms.csproj", "{B4808E6D-56B9-40EC-940E-DBB0441E6285}"
EndProject
Global
	GlobalSection(SolutionConfigurationPlatforms) = preSolution
		Ad-Hoc|Any CPU = Ad-Hoc|Any CPU
		Ad-Hoc|ARM = Ad-Hoc|ARM
		Ad-Hoc|iPhone = Ad-Hoc|iPhone
		Ad-Hoc|iPhoneSimulator = Ad-Hoc|iPhoneSimulator
		Ad-Hoc|x64 = Ad-Hoc|x64
		Ad-Hoc|x86 = Ad-Hoc|x86
		AppStore|Any CPU = AppStore|Any CPU
		AppStore|ARM = AppStore|ARM
		AppStore|iPhone = AppStore|iPhone
		AppStore|iPhoneSimulator = AppStore|iPhoneSimulator
		AppStore|x64 = AppStore|x64
		AppStore|x86 = AppStore|x86
		Debug|Any CPU = Debug|Any CPU
		Debug|ARM = Debug|ARM
		Debug|iPhone = Debug|iPhone
		Debug|iPhoneSimulator = Debug|iPhoneSimulator
		Debug|x64 = Debug|x64
		Debug|x86 = Debug|x86
		Release|Any CPU = Release|Any CPU
		Release|ARM = Release|ARM
		Release|iPhone = Release|iPhone
		Release|iPhoneSimulator = Release|iPhoneSimulator
		Release|x64 = Release|x64
		Release|x86 = Release|x86
	EndGlobalSection
	GlobalSection(ProjectConfigurationPlatforms) = postSolution
		{DFCC5C54-6CB8-47F8-A834-CBADB75B312C}.Ad-Hoc|Any CPU.ActiveCfg = Release|Any CPU
		{DFCC5C54-6CB8-47F8-A834-CBADB75B312C}.Ad-Hoc|Any CPU.Build.0 = Release|Any CPU
		{DFCC5C54-6CB8-47F8-A834-CBADB75B312C}.Ad-Hoc|Any CPU.Deploy.0 = Release|Any CPU
		{DFCC5C54-6CB8-47F8-A834-CBADB75B312C}.Ad-Hoc|ARM.ActiveCfg = Release|Any CPU
		{DFCC5C54-6CB8-47F8-A834-CBADB75B312C}.Ad-Hoc|ARM.Build.0 = Release|Any CPU
		{DFCC5C54-6CB8-47F8-A834-CBADB75B312C}.Ad-Hoc|ARM.Deploy.0 = Release|Any CPU
		{DFCC5C54-6CB8-47F8-A834-CBADB75B312C}.Ad-Hoc|iPhone.ActiveCfg = Release|Any CPU
		{DFCC5C54-6CB8-47F8-A834-CBADB75B312C}.Ad-Hoc|iPhone.Build.0 = Release|Any CPU
		{DFCC5C54-6CB8-47F8-A834-CBADB75B312C}.Ad-Hoc|iPhone.Deploy.0 = Release|Any CPU
		{DFCC5C54-6CB8-47F8-A834-CBADB75B312C}.Ad-Hoc|iPhoneSimulator.ActiveCfg = Release|Any CPU
		{DFCC5C54-6CB8-47F8-A834-CBADB75B312C}.Ad-Hoc|iPhoneSimulator.Build.0 = Release|Any CPU
		{DFCC5C54-6CB8-47F8-A834-CBADB75B312C}.Ad-Hoc|iPhoneSimulator.Deploy.0 = Release|Any CPU
		{DFCC5C54-6CB8-47F8-A834-CBADB75B312C}.Ad-Hoc|x64.ActiveCfg = Release|Any CPU
		{DFCC5C54-6CB8-47F8-A834-CBADB75B312C}.Ad-Hoc|x64.Build.0 = Release|Any CPU
		{DFCC5C54-6CB8-47F8-A834-CBADB75B312C}.Ad-Hoc|x64.Deploy.0 = Release|Any CPU
		{DFCC5C54-6CB8-47F8-A834-CBADB75B312C}.Ad-Hoc|x86.ActiveCfg = Release|Any CPU
		{DFCC5C54-6CB8-47F8-A834-CBADB75B312C}.Ad-Hoc|x86.Build.0 = Release|Any CPU
		{DFCC5C54-6CB8-47F8-A834-CBADB75B312C}.Ad-Hoc|x86.Deploy.0 = Release|Any CPU
		{DFCC5C54-6CB8-47F8-A834-CBADB75B312C}.AppStore|Any CPU.ActiveCfg = Release|Any CPU
		{DFCC5C54-6CB8-47F8-A834-CBADB75B312C}.AppStore|Any CPU.Build.0 = Release|Any CPU
		{DFCC5C54-6CB8-47F8-A834-CBADB75B312C}.AppStore|Any CPU.Deploy.0 = Release|Any CPU
		{DFCC5C54-6CB8-47F8-A834-CBADB75B312C}.AppStore|ARM.ActiveCfg = Release|Any CPU
		{DFCC5C54-6CB8-47F8-A834-CBADB75B312C}.AppStore|ARM.Build.0 = Release|Any CPU
		{DFCC5C54-6CB8-47F8-A834-CBADB75B312C}.AppStore|ARM.Deploy.0 = Release|Any CPU
		{DFCC5C54-6CB8-47F8-A834-CBADB75B312C}.AppStore|iPhone.ActiveCfg = Release|Any CPU
		{DFCC5C54-6CB8-47F8-A834-CBADB75B312C}.AppStore|iPhone.Build.0 = Release|Any CPU
		{DFCC5C54-6CB8-47F8-A834-CBADB75B312C}.AppStore|iPhone.Deploy.0 = Release|Any CPU
		{DFCC5C54-6CB8-47F8-A834-CBADB75B312C}.AppStore|iPhoneSimulator.ActiveCfg = Release|Any CPU
		{DFCC5C54-6CB8-47F8-A834-CBADB75B312C}.AppStore|iPhoneSimulator.Build.0 = Release|Any CPU
		{DFCC5C54-6CB8-47F8-A834-CBADB75B312C}.AppStore|iPhoneSimulator.Deploy.0 = Release|Any CPU
		{DFCC5C54-6CB8-47F8-A834-CBADB75B312C}.AppStore|x64.ActiveCfg = Release|Any CPU
		{DFCC5C54-6CB8-47F8-A834-CBADB75B312C}.AppStore|x64.Build.0 = Release|Any CPU
		{DFCC5C54-6CB8-47F8-A834-CBADB75B312C}.AppStore|x64.Deploy.0 = Release|Any CPU
		{DFCC5C54-6CB8-47F8-A834-CBADB75B312C}.AppStore|x86.ActiveCfg = Release|Any CPU
		{DFCC5C54-6CB8-47F8-A834-CBADB75B312C}.AppStore|x86.Build.0 = Release|Any CPU
		{DFCC5C54-6CB8-47F8-A834-CBADB75B312C}.AppStore|x86.Deploy.0 = Release|Any CPU
		{DFCC5C54-6CB8-47F8-A834-CBADB75B312C}.Debug|Any CPU.ActiveCfg = Debug|Any CPU
		{DFCC5C54-6CB8-47F8-A834-CBADB75B312C}.Debug|Any CPU.Build.0 = Debug|Any CPU
		{DFCC5C54-6CB8-47F8-A834-CBADB75B312C}.Debug|Any CPU.Deploy.0 = Debug|Any CPU
		{DFCC5C54-6CB8-47F8-A834-CBADB75B312C}.Debug|ARM.ActiveCfg = Debug|Any CPU
		{DFCC5C54-6CB8-47F8-A834-CBADB75B312C}.Debug|ARM.Build.0 = Debug|Any CPU
		{DFCC5C54-6CB8-47F8-A834-CBADB75B312C}.Debug|ARM.Deploy.0 = Debug|Any CPU
		{DFCC5C54-6CB8-47F8-A834-CBADB75B312C}.Debug|iPhone.ActiveCfg = Debug|Any CPU
		{DFCC5C54-6CB8-47F8-A834-CBADB75B312C}.Debug|iPhone.Build.0 = Debug|Any CPU
		{DFCC5C54-6CB8-47F8-A834-CBADB75B312C}.Debug|iPhone.Deploy.0 = Debug|Any CPU
		{DFCC5C54-6CB8-47F8-A834-CBADB75B312C}.Debug|iPhoneSimulator.ActiveCfg = Debug|Any CPU
		{DFCC5C54-6CB8-47F8-A834-CBADB75B312C}.Debug|iPhoneSimulator.Build.0 = Debug|Any CPU
		{DFCC5C54-6CB8-47F8-A834-CBADB75B312C}.Debug|iPhoneSimulator.Deploy.0 = Debug|Any CPU
		{DFCC5C54-6CB8-47F8-A834-CBADB75B312C}.Debug|x64.ActiveCfg = Debug|Any CPU
		{DFCC5C54-6CB8-47F8-A834-CBADB75B312C}.Debug|x64.Build.0 = Debug|Any CPU
		{DFCC5C54-6CB8-47F8-A834-CBADB75B312C}.Debug|x64.Deploy.0 = Debug|Any CPU
		{DFCC5C54-6CB8-47F8-A834-CBADB75B312C}.Debug|x86.ActiveCfg = Debug|Any CPU
		{DFCC5C54-6CB8-47F8-A834-CBADB75B312C}.Debug|x86.Build.0 = Debug|Any CPU
		{DFCC5C54-6CB8-47F8-A834-CBADB75B312C}.Debug|x86.Deploy.0 = Debug|Any CPU
		{DFCC5C54-6CB8-47F8-A834-CBADB75B312C}.Release|Any CPU.ActiveCfg = Release|Any CPU
		{DFCC5C54-6CB8-47F8-A834-CBADB75B312C}.Release|Any CPU.Build.0 = Release|Any CPU
		{DFCC5C54-6CB8-47F8-A834-CBADB75B312C}.Release|Any CPU.Deploy.0 = Release|Any CPU
		{DFCC5C54-6CB8-47F8-A834-CBADB75B312C}.Release|ARM.ActiveCfg = Release|Any CPU
		{DFCC5C54-6CB8-47F8-A834-CBADB75B312C}.Release|ARM.Build.0 = Release|Any CPU
		{DFCC5C54-6CB8-47F8-A834-CBADB75B312C}.Release|ARM.Deploy.0 = Release|Any CPU
		{DFCC5C54-6CB8-47F8-A834-CBADB75B312C}.Release|iPhone.ActiveCfg = Release|Any CPU
		{DFCC5C54-6CB8-47F8-A834-CBADB75B312C}.Release|iPhone.Build.0 = Release|Any CPU
		{DFCC5C54-6CB8-47F8-A834-CBADB75B312C}.Release|iPhone.Deploy.0 = Release|Any CPU
		{DFCC5C54-6CB8-47F8-A834-CBADB75B312C}.Release|iPhoneSimulator.ActiveCfg = Release|Any CPU
		{DFCC5C54-6CB8-47F8-A834-CBADB75B312C}.Release|iPhoneSimulator.Build.0 = Release|Any CPU
		{DFCC5C54-6CB8-47F8-A834-CBADB75B312C}.Release|iPhoneSimulator.Deploy.0 = Release|Any CPU
		{DFCC5C54-6CB8-47F8-A834-CBADB75B312C}.Release|x64.ActiveCfg = Release|Any CPU
		{DFCC5C54-6CB8-47F8-A834-CBADB75B312C}.Release|x64.Build.0 = Release|Any CPU
		{DFCC5C54-6CB8-47F8-A834-CBADB75B312C}.Release|x64.Deploy.0 = Release|Any CPU
		{DFCC5C54-6CB8-47F8-A834-CBADB75B312C}.Release|x86.ActiveCfg = Release|Any CPU
		{DFCC5C54-6CB8-47F8-A834-CBADB75B312C}.Release|x86.Build.0 = Release|Any CPU
		{DFCC5C54-6CB8-47F8-A834-CBADB75B312C}.Release|x86.Deploy.0 = Release|Any CPU
		{8E01A5E7-278E-4DAE-88BA-B6C133F6F074}.Ad-Hoc|Any CPU.ActiveCfg = Ad-Hoc|iPhone
		{8E01A5E7-278E-4DAE-88BA-B6C133F6F074}.Ad-Hoc|Any CPU.Build.0 = Ad-Hoc|iPhone
		{8E01A5E7-278E-4DAE-88BA-B6C133F6F074}.Ad-Hoc|Any CPU.Deploy.0 = Ad-Hoc|iPhone
		{8E01A5E7-278E-4DAE-88BA-B6C133F6F074}.Ad-Hoc|ARM.ActiveCfg = Ad-Hoc|iPhone
		{8E01A5E7-278E-4DAE-88BA-B6C133F6F074}.Ad-Hoc|ARM.Build.0 = Ad-Hoc|iPhone
		{8E01A5E7-278E-4DAE-88BA-B6C133F6F074}.Ad-Hoc|ARM.Deploy.0 = Ad-Hoc|iPhone
		{8E01A5E7-278E-4DAE-88BA-B6C133F6F074}.Ad-Hoc|iPhone.ActiveCfg = Ad-Hoc|iPhone
		{8E01A5E7-278E-4DAE-88BA-B6C133F6F074}.Ad-Hoc|iPhone.Build.0 = Ad-Hoc|iPhone
		{8E01A5E7-278E-4DAE-88BA-B6C133F6F074}.Ad-Hoc|iPhone.Deploy.0 = Ad-Hoc|iPhone
		{8E01A5E7-278E-4DAE-88BA-B6C133F6F074}.Ad-Hoc|iPhoneSimulator.ActiveCfg = Ad-Hoc|iPhoneSimulator
		{8E01A5E7-278E-4DAE-88BA-B6C133F6F074}.Ad-Hoc|iPhoneSimulator.Build.0 = Ad-Hoc|iPhoneSimulator
		{8E01A5E7-278E-4DAE-88BA-B6C133F6F074}.Ad-Hoc|iPhoneSimulator.Deploy.0 = Ad-Hoc|iPhoneSimulator
		{8E01A5E7-278E-4DAE-88BA-B6C133F6F074}.Ad-Hoc|x64.ActiveCfg = Ad-Hoc|iPhone
		{8E01A5E7-278E-4DAE-88BA-B6C133F6F074}.Ad-Hoc|x64.Build.0 = Ad-Hoc|iPhone
		{8E01A5E7-278E-4DAE-88BA-B6C133F6F074}.Ad-Hoc|x64.Deploy.0 = Ad-Hoc|iPhone
		{8E01A5E7-278E-4DAE-88BA-B6C133F6F074}.Ad-Hoc|x86.ActiveCfg = Ad-Hoc|iPhone
		{8E01A5E7-278E-4DAE-88BA-B6C133F6F074}.Ad-Hoc|x86.Build.0 = Ad-Hoc|iPhone
		{8E01A5E7-278E-4DAE-88BA-B6C133F6F074}.Ad-Hoc|x86.Deploy.0 = Ad-Hoc|iPhone
		{8E01A5E7-278E-4DAE-88BA-B6C133F6F074}.AppStore|Any CPU.ActiveCfg = AppStore|iPhone
		{8E01A5E7-278E-4DAE-88BA-B6C133F6F074}.AppStore|Any CPU.Build.0 = AppStore|iPhone
		{8E01A5E7-278E-4DAE-88BA-B6C133F6F074}.AppStore|Any CPU.Deploy.0 = AppStore|iPhone
		{8E01A5E7-278E-4DAE-88BA-B6C133F6F074}.AppStore|ARM.ActiveCfg = AppStore|iPhone
		{8E01A5E7-278E-4DAE-88BA-B6C133F6F074}.AppStore|ARM.Build.0 = AppStore|iPhone
		{8E01A5E7-278E-4DAE-88BA-B6C133F6F074}.AppStore|ARM.Deploy.0 = AppStore|iPhone
		{8E01A5E7-278E-4DAE-88BA-B6C133F6F074}.AppStore|iPhone.ActiveCfg = AppStore|iPhone
		{8E01A5E7-278E-4DAE-88BA-B6C133F6F074}.AppStore|iPhone.Build.0 = AppStore|iPhone
		{8E01A5E7-278E-4DAE-88BA-B6C133F6F074}.AppStore|iPhone.Deploy.0 = AppStore|iPhone
		{8E01A5E7-278E-4DAE-88BA-B6C133F6F074}.AppStore|iPhoneSimulator.ActiveCfg = AppStore|iPhoneSimulator
		{8E01A5E7-278E-4DAE-88BA-B6C133F6F074}.AppStore|iPhoneSimulator.Build.0 = AppStore|iPhoneSimulator
		{8E01A5E7-278E-4DAE-88BA-B6C133F6F074}.AppStore|iPhoneSimulator.Deploy.0 = AppStore|iPhoneSimulator
		{8E01A5E7-278E-4DAE-88BA-B6C133F6F074}.AppStore|x64.ActiveCfg = AppStore|iPhone
		{8E01A5E7-278E-4DAE-88BA-B6C133F6F074}.AppStore|x64.Build.0 = AppStore|iPhone
		{8E01A5E7-278E-4DAE-88BA-B6C133F6F074}.AppStore|x64.Deploy.0 = AppStore|iPhone
		{8E01A5E7-278E-4DAE-88BA-B6C133F6F074}.AppStore|x86.ActiveCfg = AppStore|iPhone
		{8E01A5E7-278E-4DAE-88BA-B6C133F6F074}.AppStore|x86.Build.0 = AppStore|iPhone
		{8E01A5E7-278E-4DAE-88BA-B6C133F6F074}.AppStore|x86.Deploy.0 = AppStore|iPhone
		{8E01A5E7-278E-4DAE-88BA-B6C133F6F074}.Debug|Any CPU.ActiveCfg = Debug|iPhoneSimulator
		{8E01A5E7-278E-4DAE-88BA-B6C133F6F074}.Debug|Any CPU.Build.0 = Debug|iPhoneSimulator
		{8E01A5E7-278E-4DAE-88BA-B6C133F6F074}.Debug|Any CPU.Deploy.0 = Debug|iPhoneSimulator
		{8E01A5E7-278E-4DAE-88BA-B6C133F6F074}.Debug|ARM.ActiveCfg = Debug|iPhone
		{8E01A5E7-278E-4DAE-88BA-B6C133F6F074}.Debug|ARM.Build.0 = Debug|iPhone
		{8E01A5E7-278E-4DAE-88BA-B6C133F6F074}.Debug|ARM.Deploy.0 = Debug|iPhone
		{8E01A5E7-278E-4DAE-88BA-B6C133F6F074}.Debug|iPhone.ActiveCfg = Debug|iPhone
		{8E01A5E7-278E-4DAE-88BA-B6C133F6F074}.Debug|iPhone.Build.0 = Debug|iPhone
		{8E01A5E7-278E-4DAE-88BA-B6C133F6F074}.Debug|iPhone.Deploy.0 = Debug|iPhone
		{8E01A5E7-278E-4DAE-88BA-B6C133F6F074}.Debug|iPhoneSimulator.ActiveCfg = Debug|iPhoneSimulator
		{8E01A5E7-278E-4DAE-88BA-B6C133F6F074}.Debug|iPhoneSimulator.Build.0 = Debug|iPhoneSimulator
		{8E01A5E7-278E-4DAE-88BA-B6C133F6F074}.Debug|iPhoneSimulator.Deploy.0 = Debug|iPhoneSimulator
		{8E01A5E7-278E-4DAE-88BA-B6C133F6F074}.Debug|x64.ActiveCfg = Debug|iPhone
		{8E01A5E7-278E-4DAE-88BA-B6C133F6F074}.Debug|x64.Build.0 = Debug|iPhone
		{8E01A5E7-278E-4DAE-88BA-B6C133F6F074}.Debug|x64.Deploy.0 = Debug|iPhone
		{8E01A5E7-278E-4DAE-88BA-B6C133F6F074}.Debug|x86.ActiveCfg = Debug|iPhone
		{8E01A5E7-278E-4DAE-88BA-B6C133F6F074}.Debug|x86.Build.0 = Debug|iPhone
		{8E01A5E7-278E-4DAE-88BA-B6C133F6F074}.Debug|x86.Deploy.0 = Debug|iPhone
		{8E01A5E7-278E-4DAE-88BA-B6C133F6F074}.Release|Any CPU.ActiveCfg = Release|iPhone
		{8E01A5E7-278E-4DAE-88BA-B6C133F6F074}.Release|Any CPU.Build.0 = Release|iPhone
		{8E01A5E7-278E-4DAE-88BA-B6C133F6F074}.Release|Any CPU.Deploy.0 = Release|iPhone
		{8E01A5E7-278E-4DAE-88BA-B6C133F6F074}.Release|ARM.ActiveCfg = Release|iPhone
		{8E01A5E7-278E-4DAE-88BA-B6C133F6F074}.Release|ARM.Build.0 = Release|iPhone
		{8E01A5E7-278E-4DAE-88BA-B6C133F6F074}.Release|ARM.Deploy.0 = Release|iPhone
		{8E01A5E7-278E-4DAE-88BA-B6C133F6F074}.Release|iPhone.ActiveCfg = Release|iPhone
		{8E01A5E7-278E-4DAE-88BA-B6C133F6F074}.Release|iPhone.Build.0 = Release|iPhone
		{8E01A5E7-278E-4DAE-88BA-B6C133F6F074}.Release|iPhone.Deploy.0 = Release|iPhone
		{8E01A5E7-278E-4DAE-88BA-B6C133F6F074}.Release|iPhoneSimulator.ActiveCfg = Release|iPhoneSimulator
		{8E01A5E7-278E-4DAE-88BA-B6C133F6F074}.Release|iPhoneSimulator.Build.0 = Release|iPhoneSimulator
		{8E01A5E7-278E-4DAE-88BA-B6C133F6F074}.Release|iPhoneSimulator.Deploy.0 = Release|iPhoneSimulator
		{8E01A5E7-278E-4DAE-88BA-B6C133F6F074}.Release|x64.ActiveCfg = Release|iPhone
		{8E01A5E7-278E-4DAE-88BA-B6C133F6F074}.Release|x64.Build.0 = Release|iPhone
		{8E01A5E7-278E-4DAE-88BA-B6C133F6F074}.Release|x64.Deploy.0 = Release|iPhone
		{8E01A5E7-278E-4DAE-88BA-B6C133F6F074}.Release|x86.ActiveCfg = Release|iPhone
		{8E01A5E7-278E-4DAE-88BA-B6C133F6F074}.Release|x86.Build.0 = Release|iPhone
		{8E01A5E7-278E-4DAE-88BA-B6C133F6F074}.Release|x86.Deploy.0 = Release|iPhone
		{FB0E8EFD-D8E3-4B15-9BCF-E4DC5DD18C75}.Ad-Hoc|Any CPU.ActiveCfg = Release|x86
		{FB0E8EFD-D8E3-4B15-9BCF-E4DC5DD18C75}.Ad-Hoc|Any CPU.Build.0 = Release|x86
		{FB0E8EFD-D8E3-4B15-9BCF-E4DC5DD18C75}.Ad-Hoc|Any CPU.Deploy.0 = Release|x86
		{FB0E8EFD-D8E3-4B15-9BCF-E4DC5DD18C75}.Ad-Hoc|ARM.ActiveCfg = Release|ARM
		{FB0E8EFD-D8E3-4B15-9BCF-E4DC5DD18C75}.Ad-Hoc|ARM.Build.0 = Release|ARM
		{FB0E8EFD-D8E3-4B15-9BCF-E4DC5DD18C75}.Ad-Hoc|ARM.Deploy.0 = Release|ARM
		{FB0E8EFD-D8E3-4B15-9BCF-E4DC5DD18C75}.Ad-Hoc|iPhone.ActiveCfg = Release|x86
		{FB0E8EFD-D8E3-4B15-9BCF-E4DC5DD18C75}.Ad-Hoc|iPhone.Build.0 = Release|x86
		{FB0E8EFD-D8E3-4B15-9BCF-E4DC5DD18C75}.Ad-Hoc|iPhone.Deploy.0 = Release|x86
		{FB0E8EFD-D8E3-4B15-9BCF-E4DC5DD18C75}.Ad-Hoc|iPhoneSimulator.ActiveCfg = Release|x86
		{FB0E8EFD-D8E3-4B15-9BCF-E4DC5DD18C75}.Ad-Hoc|iPhoneSimulator.Build.0 = Release|x86
		{FB0E8EFD-D8E3-4B15-9BCF-E4DC5DD18C75}.Ad-Hoc|iPhoneSimulator.Deploy.0 = Release|x86
		{FB0E8EFD-D8E3-4B15-9BCF-E4DC5DD18C75}.Ad-Hoc|x64.ActiveCfg = Release|x64
		{FB0E8EFD-D8E3-4B15-9BCF-E4DC5DD18C75}.Ad-Hoc|x64.Build.0 = Release|x64
		{FB0E8EFD-D8E3-4B15-9BCF-E4DC5DD18C75}.Ad-Hoc|x64.Deploy.0 = Release|x64
		{FB0E8EFD-D8E3-4B15-9BCF-E4DC5DD18C75}.Ad-Hoc|x86.ActiveCfg = Release|x86
		{FB0E8EFD-D8E3-4B15-9BCF-E4DC5DD18C75}.Ad-Hoc|x86.Build.0 = Release|x86
		{FB0E8EFD-D8E3-4B15-9BCF-E4DC5DD18C75}.Ad-Hoc|x86.Deploy.0 = Release|x86
		{FB0E8EFD-D8E3-4B15-9BCF-E4DC5DD18C75}.AppStore|Any CPU.ActiveCfg = Release|x86
		{FB0E8EFD-D8E3-4B15-9BCF-E4DC5DD18C75}.AppStore|Any CPU.Build.0 = Release|x86
		{FB0E8EFD-D8E3-4B15-9BCF-E4DC5DD18C75}.AppStore|Any CPU.Deploy.0 = Release|x86
		{FB0E8EFD-D8E3-4B15-9BCF-E4DC5DD18C75}.AppStore|ARM.ActiveCfg = Release|ARM
		{FB0E8EFD-D8E3-4B15-9BCF-E4DC5DD18C75}.AppStore|ARM.Build.0 = Release|ARM
		{FB0E8EFD-D8E3-4B15-9BCF-E4DC5DD18C75}.AppStore|ARM.Deploy.0 = Release|ARM
		{FB0E8EFD-D8E3-4B15-9BCF-E4DC5DD18C75}.AppStore|iPhone.ActiveCfg = Release|x86
		{FB0E8EFD-D8E3-4B15-9BCF-E4DC5DD18C75}.AppStore|iPhone.Build.0 = Release|x86
		{FB0E8EFD-D8E3-4B15-9BCF-E4DC5DD18C75}.AppStore|iPhone.Deploy.0 = Release|x86
		{FB0E8EFD-D8E3-4B15-9BCF-E4DC5DD18C75}.AppStore|iPhoneSimulator.ActiveCfg = Release|x86
		{FB0E8EFD-D8E3-4B15-9BCF-E4DC5DD18C75}.AppStore|iPhoneSimulator.Build.0 = Release|x86
		{FB0E8EFD-D8E3-4B15-9BCF-E4DC5DD18C75}.AppStore|iPhoneSimulator.Deploy.0 = Release|x86
		{FB0E8EFD-D8E3-4B15-9BCF-E4DC5DD18C75}.AppStore|x64.ActiveCfg = Release|x64
		{FB0E8EFD-D8E3-4B15-9BCF-E4DC5DD18C75}.AppStore|x64.Build.0 = Release|x64
		{FB0E8EFD-D8E3-4B15-9BCF-E4DC5DD18C75}.AppStore|x64.Deploy.0 = Release|x64
		{FB0E8EFD-D8E3-4B15-9BCF-E4DC5DD18C75}.AppStore|x86.ActiveCfg = Release|x86
		{FB0E8EFD-D8E3-4B15-9BCF-E4DC5DD18C75}.AppStore|x86.Build.0 = Release|x86
		{FB0E8EFD-D8E3-4B15-9BCF-E4DC5DD18C75}.AppStore|x86.Deploy.0 = Release|x86
		{FB0E8EFD-D8E3-4B15-9BCF-E4DC5DD18C75}.Debug|Any CPU.ActiveCfg = Debug|x86
		{FB0E8EFD-D8E3-4B15-9BCF-E4DC5DD18C75}.Debug|Any CPU.Build.0 = Debug|x86
		{FB0E8EFD-D8E3-4B15-9BCF-E4DC5DD18C75}.Debug|Any CPU.Deploy.0 = Debug|x86
		{FB0E8EFD-D8E3-4B15-9BCF-E4DC5DD18C75}.Debug|ARM.ActiveCfg = Debug|ARM
		{FB0E8EFD-D8E3-4B15-9BCF-E4DC5DD18C75}.Debug|ARM.Build.0 = Debug|ARM
		{FB0E8EFD-D8E3-4B15-9BCF-E4DC5DD18C75}.Debug|ARM.Deploy.0 = Debug|ARM
		{FB0E8EFD-D8E3-4B15-9BCF-E4DC5DD18C75}.Debug|iPhone.ActiveCfg = Debug|x86
		{FB0E8EFD-D8E3-4B15-9BCF-E4DC5DD18C75}.Debug|iPhone.Build.0 = Debug|x86
		{FB0E8EFD-D8E3-4B15-9BCF-E4DC5DD18C75}.Debug|iPhone.Deploy.0 = Debug|x86
		{FB0E8EFD-D8E3-4B15-9BCF-E4DC5DD18C75}.Debug|iPhoneSimulator.ActiveCfg = Debug|x86
		{FB0E8EFD-D8E3-4B15-9BCF-E4DC5DD18C75}.Debug|iPhoneSimulator.Build.0 = Debug|x86
		{FB0E8EFD-D8E3-4B15-9BCF-E4DC5DD18C75}.Debug|iPhoneSimulator.Deploy.0 = Debug|x86
		{FB0E8EFD-D8E3-4B15-9BCF-E4DC5DD18C75}.Debug|x64.ActiveCfg = Debug|x64
		{FB0E8EFD-D8E3-4B15-9BCF-E4DC5DD18C75}.Debug|x64.Build.0 = Debug|x64
		{FB0E8EFD-D8E3-4B15-9BCF-E4DC5DD18C75}.Debug|x64.Deploy.0 = Debug|x64
		{FB0E8EFD-D8E3-4B15-9BCF-E4DC5DD18C75}.Debug|x86.ActiveCfg = Debug|x86
		{FB0E8EFD-D8E3-4B15-9BCF-E4DC5DD18C75}.Debug|x86.Build.0 = Debug|x86
		{FB0E8EFD-D8E3-4B15-9BCF-E4DC5DD18C75}.Debug|x86.Deploy.0 = Debug|x86
		{FB0E8EFD-D8E3-4B15-9BCF-E4DC5DD18C75}.Release|Any CPU.ActiveCfg = Release|x86
		{FB0E8EFD-D8E3-4B15-9BCF-E4DC5DD18C75}.Release|Any CPU.Build.0 = Release|x86
		{FB0E8EFD-D8E3-4B15-9BCF-E4DC5DD18C75}.Release|Any CPU.Deploy.0 = Release|x86
		{FB0E8EFD-D8E3-4B15-9BCF-E4DC5DD18C75}.Release|ARM.ActiveCfg = Release|ARM
		{FB0E8EFD-D8E3-4B15-9BCF-E4DC5DD18C75}.Release|ARM.Build.0 = Release|ARM
		{FB0E8EFD-D8E3-4B15-9BCF-E4DC5DD18C75}.Release|ARM.Deploy.0 = Release|ARM
		{FB0E8EFD-D8E3-4B15-9BCF-E4DC5DD18C75}.Release|iPhone.ActiveCfg = Release|x86
		{FB0E8EFD-D8E3-4B15-9BCF-E4DC5DD18C75}.Release|iPhone.Build.0 = Release|x86
		{FB0E8EFD-D8E3-4B15-9BCF-E4DC5DD18C75}.Release|iPhone.Deploy.0 = Release|x86
		{FB0E8EFD-D8E3-4B15-9BCF-E4DC5DD18C75}.Release|iPhoneSimulator.ActiveCfg = Release|x86
		{FB0E8EFD-D8E3-4B15-9BCF-E4DC5DD18C75}.Release|iPhoneSimulator.Build.0 = Release|x86
		{FB0E8EFD-D8E3-4B15-9BCF-E4DC5DD18C75}.Release|iPhoneSimulator.Deploy.0 = Release|x86
		{FB0E8EFD-D8E3-4B15-9BCF-E4DC5DD18C75}.Release|x64.ActiveCfg = Release|x64
		{FB0E8EFD-D8E3-4B15-9BCF-E4DC5DD18C75}.Release|x64.Build.0 = Release|x64
		{FB0E8EFD-D8E3-4B15-9BCF-E4DC5DD18C75}.Release|x64.Deploy.0 = Release|x64
		{FB0E8EFD-D8E3-4B15-9BCF-E4DC5DD18C75}.Release|x86.ActiveCfg = Release|x86
		{FB0E8EFD-D8E3-4B15-9BCF-E4DC5DD18C75}.Release|x86.Build.0 = Release|x86
		{FB0E8EFD-D8E3-4B15-9BCF-E4DC5DD18C75}.Release|x86.Deploy.0 = Release|x86
		{B4808E6D-56B9-40EC-940E-DBB0441E6285}.Ad-Hoc|Any CPU.ActiveCfg = Debug|Any CPU
		{B4808E6D-56B9-40EC-940E-DBB0441E6285}.Ad-Hoc|Any CPU.Build.0 = Debug|Any CPU
		{B4808E6D-56B9-40EC-940E-DBB0441E6285}.Ad-Hoc|Any CPU.Deploy.0 = Debug|Any CPU
		{B4808E6D-56B9-40EC-940E-DBB0441E6285}.Ad-Hoc|ARM.ActiveCfg = Debug|Any CPU
		{B4808E6D-56B9-40EC-940E-DBB0441E6285}.Ad-Hoc|ARM.Build.0 = Debug|Any CPU
		{B4808E6D-56B9-40EC-940E-DBB0441E6285}.Ad-Hoc|ARM.Deploy.0 = Debug|Any CPU
		{B4808E6D-56B9-40EC-940E-DBB0441E6285}.Ad-Hoc|iPhone.ActiveCfg = Debug|Any CPU
		{B4808E6D-56B9-40EC-940E-DBB0441E6285}.Ad-Hoc|iPhone.Build.0 = Debug|Any CPU
		{B4808E6D-56B9-40EC-940E-DBB0441E6285}.Ad-Hoc|iPhone.Deploy.0 = Debug|Any CPU
		{B4808E6D-56B9-40EC-940E-DBB0441E6285}.Ad-Hoc|iPhoneSimulator.ActiveCfg = Debug|Any CPU
		{B4808E6D-56B9-40EC-940E-DBB0441E6285}.Ad-Hoc|iPhoneSimulator.Build.0 = Debug|Any CPU
		{B4808E6D-56B9-40EC-940E-DBB0441E6285}.Ad-Hoc|iPhoneSimulator.Deploy.0 = Debug|Any CPU
		{B4808E6D-56B9-40EC-940E-DBB0441E6285}.Ad-Hoc|x64.ActiveCfg = Debug|Any CPU
		{B4808E6D-56B9-40EC-940E-DBB0441E6285}.Ad-Hoc|x64.Build.0 = Debug|Any CPU
		{B4808E6D-56B9-40EC-940E-DBB0441E6285}.Ad-Hoc|x64.Deploy.0 = Debug|Any CPU
		{B4808E6D-56B9-40EC-940E-DBB0441E6285}.Ad-Hoc|x86.ActiveCfg = Debug|Any CPU
		{B4808E6D-56B9-40EC-940E-DBB0441E6285}.Ad-Hoc|x86.Build.0 = Debug|Any CPU
		{B4808E6D-56B9-40EC-940E-DBB0441E6285}.Ad-Hoc|x86.Deploy.0 = Debug|Any CPU
		{B4808E6D-56B9-40EC-940E-DBB0441E6285}.AppStore|Any CPU.ActiveCfg = Debug|Any CPU
		{B4808E6D-56B9-40EC-940E-DBB0441E6285}.AppStore|Any CPU.Build.0 = Debug|Any CPU
		{B4808E6D-56B9-40EC-940E-DBB0441E6285}.AppStore|Any CPU.Deploy.0 = Debug|Any CPU
		{B4808E6D-56B9-40EC-940E-DBB0441E6285}.AppStore|ARM.ActiveCfg = Debug|Any CPU
		{B4808E6D-56B9-40EC-940E-DBB0441E6285}.AppStore|ARM.Build.0 = Debug|Any CPU
		{B4808E6D-56B9-40EC-940E-DBB0441E6285}.AppStore|ARM.Deploy.0 = Debug|Any CPU
		{B4808E6D-56B9-40EC-940E-DBB0441E6285}.AppStore|iPhone.ActiveCfg = Debug|Any CPU
		{B4808E6D-56B9-40EC-940E-DBB0441E6285}.AppStore|iPhone.Build.0 = Debug|Any CPU
		{B4808E6D-56B9-40EC-940E-DBB0441E6285}.AppStore|iPhone.Deploy.0 = Debug|Any CPU
		{B4808E6D-56B9-40EC-940E-DBB0441E6285}.AppStore|iPhoneSimulator.ActiveCfg = Debug|Any CPU
		{B4808E6D-56B9-40EC-940E-DBB0441E6285}.AppStore|iPhoneSimulator.Build.0 = Debug|Any CPU
		{B4808E6D-56B9-40EC-940E-DBB0441E6285}.AppStore|iPhoneSimulator.Deploy.0 = Debug|Any CPU
		{B4808E6D-56B9-40EC-940E-DBB0441E6285}.AppStore|x64.ActiveCfg = Debug|Any CPU
		{B4808E6D-56B9-40EC-940E-DBB0441E6285}.AppStore|x64.Build.0 = Debug|Any CPU
		{B4808E6D-56B9-40EC-940E-DBB0441E6285}.AppStore|x64.Deploy.0 = Debug|Any CPU
		{B4808E6D-56B9-40EC-940E-DBB0441E6285}.AppStore|x86.ActiveCfg = Debug|Any CPU
		{B4808E6D-56B9-40EC-940E-DBB0441E6285}.AppStore|x86.Build.0 = Debug|Any CPU
		{B4808E6D-56B9-40EC-940E-DBB0441E6285}.AppStore|x86.Deploy.0 = Debug|Any CPU
		{B4808E6D-56B9-40EC-940E-DBB0441E6285}.Debug|Any CPU.ActiveCfg = Debug|Any CPU
		{B4808E6D-56B9-40EC-940E-DBB0441E6285}.Debug|Any CPU.Build.0 = Debug|Any CPU
		{B4808E6D-56B9-40EC-940E-DBB0441E6285}.Debug|Any CPU.Deploy.0 = Debug|Any CPU
		{B4808E6D-56B9-40EC-940E-DBB0441E6285}.Debug|ARM.ActiveCfg = Debug|Any CPU
		{B4808E6D-56B9-40EC-940E-DBB0441E6285}.Debug|ARM.Build.0 = Debug|Any CPU
		{B4808E6D-56B9-40EC-940E-DBB0441E6285}.Debug|ARM.Deploy.0 = Debug|Any CPU
		{B4808E6D-56B9-40EC-940E-DBB0441E6285}.Debug|iPhone.ActiveCfg = Debug|Any CPU
		{B4808E6D-56B9-40EC-940E-DBB0441E6285}.Debug|iPhone.Build.0 = Debug|Any CPU
		{B4808E6D-56B9-40EC-940E-DBB0441E6285}.Debug|iPhone.Deploy.0 = Debug|Any CPU
		{B4808E6D-56B9-40EC-940E-DBB0441E6285}.Debug|iPhoneSimulator.ActiveCfg = Debug|Any CPU
		{B4808E6D-56B9-40EC-940E-DBB0441E6285}.Debug|iPhoneSimulator.Build.0 = Debug|Any CPU
		{B4808E6D-56B9-40EC-940E-DBB0441E6285}.Debug|iPhoneSimulator.Deploy.0 = Debug|Any CPU
		{B4808E6D-56B9-40EC-940E-DBB0441E6285}.Debug|x64.ActiveCfg = Debug|Any CPU
		{B4808E6D-56B9-40EC-940E-DBB0441E6285}.Debug|x64.Build.0 = Debug|Any CPU
		{B4808E6D-56B9-40EC-940E-DBB0441E6285}.Debug|x64.Deploy.0 = Debug|Any CPU
		{B4808E6D-56B9-40EC-940E-DBB0441E6285}.Debug|x86.ActiveCfg = Debug|Any CPU
		{B4808E6D-56B9-40EC-940E-DBB0441E6285}.Debug|x86.Build.0 = Debug|Any CPU
		{B4808E6D-56B9-40EC-940E-DBB0441E6285}.Debug|x86.Deploy.0 = Debug|Any CPU
		{B4808E6D-56B9-40EC-940E-DBB0441E6285}.Release|Any CPU.ActiveCfg = Release|Any CPU
		{B4808E6D-56B9-40EC-940E-DBB0441E6285}.Release|Any CPU.Build.0 = Release|Any CPU
		{B4808E6D-56B9-40EC-940E-DBB0441E6285}.Release|Any CPU.Deploy.0 = Release|Any CPU
		{B4808E6D-56B9-40EC-940E-DBB0441E6285}.Release|ARM.ActiveCfg = Release|Any CPU
		{B4808E6D-56B9-40EC-940E-DBB0441E6285}.Release|ARM.Build.0 = Release|Any CPU
		{B4808E6D-56B9-40EC-940E-DBB0441E6285}.Release|ARM.Deploy.0 = Release|Any CPU
		{B4808E6D-56B9-40EC-940E-DBB0441E6285}.Release|iPhone.ActiveCfg = Release|Any CPU
		{B4808E6D-56B9-40EC-940E-DBB0441E6285}.Release|iPhone.Build.0 = Release|Any CPU
		{B4808E6D-56B9-40EC-940E-DBB0441E6285}.Release|iPhone.Deploy.0 = Release|Any CPU
		{B4808E6D-56B9-40EC-940E-DBB0441E6285}.Release|iPhoneSimulator.ActiveCfg = Release|Any CPU
		{B4808E6D-56B9-40EC-940E-DBB0441E6285}.Release|iPhoneSimulator.Build.0 = Release|Any CPU
		{B4808E6D-56B9-40EC-940E-DBB0441E6285}.Release|iPhoneSimulator.Deploy.0 = Release|Any CPU
		{B4808E6D-56B9-40EC-940E-DBB0441E6285}.Release|x64.ActiveCfg = Release|Any CPU
		{B4808E6D-56B9-40EC-940E-DBB0441E6285}.Release|x64.Build.0 = Release|Any CPU
		{B4808E6D-56B9-40EC-940E-DBB0441E6285}.Release|x64.Deploy.0 = Release|Any CPU
		{B4808E6D-56B9-40EC-940E-DBB0441E6285}.Release|x86.ActiveCfg = Release|Any CPU
		{B4808E6D-56B9-40EC-940E-DBB0441E6285}.Release|x86.Build.0 = Release|Any CPU
		{B4808E6D-56B9-40EC-940E-DBB0441E6285}.Release|x86.Deploy.0 = Release|Any CPU
	EndGlobalSection
	GlobalSection(SolutionProperties) = preSolution
		HideSolutionNode = FALSE
	EndGlobalSection
	GlobalSection(ExtensibilityGlobals) = postSolution
		SolutionGuid = {0BB1FE0F-AA4E-4D17-8D56-F824B13605BE}
	EndGlobalSection
EndGlobal
