
Microsoft Visual Studio Solution File, Format Version 12.00
# Visual Studio Version 16
VisualStudioVersion = 16.0.29709.97
MinimumVisualStudioVersion = 10.0.40219.1
Project("{FAE04EC0-301F-11D3-BF4B-00C04F79EFBC}") = "FirstForms.UWP", "FirstForms\FirstForms.UWP\FirstForms.UWP.csproj", "{DCF19D25-A378-410E-9F25-0B74BDFFCC0E}"
EndProject
Project("{FAE04EC0-301F-11D3-BF4B-00C04F79EFBC}") = "FirstForms.Android", "FirstForms\FirstForms.Android\FirstForms.Android.csproj", "{21224736-6B4C-4A02-A36E-0C4698B63E94}"
EndProject
Project("{FAE04EC0-301F-11D3-BF4B-00C04F79EFBC}") = "FirstForms.iOS", "FirstForms\FirstForms.iOS\FirstForms.iOS.csproj", "{6674CBF9-EFB7-4DE3-8BDB-43B00676304A}"
EndProject
Project("{FAE04EC0-301F-11D3-BF4B-00C04F79EFBC}") = "FirstForms", "FirstForms\FirstForms\FirstForms.csproj", "{6944E6F9-0927-4B5D-9D79-E81CC8FEC185}"
EndProject
Global
	GlobalSection(SolutionConfigurationPlatforms) = preSolution
		Debug|Any CPU = Debug|Any CPU
		Debug|ARM = Debug|ARM
		Debug|iPhone = Debug|iPhone
		Debug|iPhoneSimulator = Debug|iPhoneSimulator
		Debug|x64 = Debug|x64
		Debug|x86 = Debug|x86
		Release|Any CPU = Release|Any CPU
		Release|ARM = Release|ARM
		Release|iPhone = Release|iPhone
		Release|iPhoneSimulator = Release|iPhoneSimulator
		Release|x64 = Release|x64
		Release|x86 = Release|x86
	EndGlobalSection
	GlobalSection(ProjectConfigurationPlatforms) = postSolution
		{DCF19D25-A378-410E-9F25-0B74BDFFCC0E}.Debug|Any CPU.ActiveCfg = Debug|x86
		{DCF19D25-A378-410E-9F25-0B74BDFFCC0E}.Debug|Any CPU.Build.0 = Debug|x86
		{DCF19D25-A378-410E-9F25-0B74BDFFCC0E}.Debug|Any CPU.Deploy.0 = Debug|x86
		{DCF19D25-A378-410E-9F25-0B74BDFFCC0E}.Debug|ARM.ActiveCfg = Debug|ARM
		{DCF19D25-A378-410E-9F25-0B74BDFFCC0E}.Debug|ARM.Build.0 = Debug|ARM
		{DCF19D25-A378-410E-9F25-0B74BDFFCC0E}.Debug|ARM.Deploy.0 = Debug|ARM
		{DCF19D25-A378-410E-9F25-0B74BDFFCC0E}.Debug|iPhone.ActiveCfg = Debug|x86
		{DCF19D25-A378-410E-9F25-0B74BDFFCC0E}.Debug|iPhone.Build.0 = Debug|x86
		{DCF19D25-A378-410E-9F25-0B74BDFFCC0E}.Debug|iPhone.Deploy.0 = Debug|x86
		{DCF19D25-A378-410E-9F25-0B74BDFFCC0E}.Debug|iPhoneSimulator.ActiveCfg = Debug|x86
		{DCF19D25-A378-410E-9F25-0B74BDFFCC0E}.Debug|iPhoneSimulator.Build.0 = Debug|x86
		{DCF19D25-A378-410E-9F25-0B74BDFFCC0E}.Debug|iPhoneSimulator.Deploy.0 = Debug|x86
		{DCF19D25-A378-410E-9F25-0B74BDFFCC0E}.Debug|x64.ActiveCfg = Debug|x64
		{DCF19D25-A378-410E-9F25-0B74BDFFCC0E}.Debug|x64.Build.0 = Debug|x64
		{DCF19D25-A378-410E-9F25-0B74BDFFCC0E}.Debug|x64.Deploy.0 = Debug|x64
		{DCF19D25-A378-410E-9F25-0B74BDFFCC0E}.Debug|x86.ActiveCfg = Debug|x86
		{DCF19D25-A378-410E-9F25-0B74BDFFCC0E}.Debug|x86.Build.0 = Debug|x86
		{DCF19D25-A378-410E-9F25-0B74BDFFCC0E}.Debug|x86.Deploy.0 = Debug|x86
		{DCF19D25-A378-410E-9F25-0B74BDFFCC0E}.Release|Any CPU.ActiveCfg = Release|x86
		{DCF19D25-A378-410E-9F25-0B74BDFFCC0E}.Release|Any CPU.Build.0 = Release|x86
		{DCF19D25-A378-410E-9F25-0B74BDFFCC0E}.Release|Any CPU.Deploy.0 = Release|x86
		{DCF19D25-A378-410E-9F25-0B74BDFFCC0E}.Release|ARM.ActiveCfg = Release|ARM
		{DCF19D25-A378-410E-9F25-0B74BDFFCC0E}.Release|ARM.Build.0 = Release|ARM
		{DCF19D25-A378-410E-9F25-0B74BDFFCC0E}.Release|ARM.Deploy.0 = Release|ARM
		{DCF19D25-A378-410E-9F25-0B74BDFFCC0E}.Release|iPhone.ActiveCfg = Release|x86
		{DCF19D25-A378-410E-9F25-0B74BDFFCC0E}.Release|iPhone.Build.0 = Release|x86
		{DCF19D25-A378-410E-9F25-0B74BDFFCC0E}.Release|iPhone.Deploy.0 = Release|x86
		{DCF19D25-A378-410E-9F25-0B74BDFFCC0E}.Release|iPhoneSimulator.ActiveCfg = Release|x86
		{DCF19D25-A378-410E-9F25-0B74BDFFCC0E}.Release|iPhoneSimulator.Build.0 = Release|x86
		{DCF19D25-A378-410E-9F25-0B74BDFFCC0E}.Release|iPhoneSimulator.Deploy.0 = Release|x86
		{DCF19D25-A378-410E-9F25-0B74BDFFCC0E}.Release|x64.ActiveCfg = Release|x64
		{DCF19D25-A378-410E-9F25-0B74BDFFCC0E}.Release|x64.Build.0 = Release|x64
		{DCF19D25-A378-410E-9F25-0B74BDFFCC0E}.Release|x64.Deploy.0 = Release|x64
		{DCF19D25-A378-410E-9F25-0B74BDFFCC0E}.Release|x86.ActiveCfg = Release|x86
		{DCF19D25-A378-410E-9F25-0B74BDFFCC0E}.Release|x86.Build.0 = Release|x86
		{DCF19D25-A378-410E-9F25-0B74BDFFCC0E}.Release|x86.Deploy.0 = Release|x86
		{21224736-6B4C-4A02-A36E-0C4698B63E94}.Debug|Any CPU.ActiveCfg = Debug|Any CPU
		{21224736-6B4C-4A02-A36E-0C4698B63E94}.Debug|Any CPU.Build.0 = Debug|Any CPU
		{21224736-6B4C-4A02-A36E-0C4698B63E94}.Debug|Any CPU.Deploy.0 = Debug|Any CPU
		{21224736-6B4C-4A02-A36E-0C4698B63E94}.Debug|ARM.ActiveCfg = Debug|Any CPU
		{21224736-6B4C-4A02-A36E-0C4698B63E94}.Debug|ARM.Build.0 = Debug|Any CPU
		{21224736-6B4C-4A02-A36E-0C4698B63E94}.Debug|ARM.Deploy.0 = Debug|Any CPU
		{21224736-6B4C-4A02-A36E-0C4698B63E94}.Debug|iPhone.ActiveCfg = Debug|Any CPU
		{21224736-6B4C-4A02-A36E-0C4698B63E94}.Debug|iPhone.Build.0 = Debug|Any CPU
		{21224736-6B4C-4A02-A36E-0C4698B63E94}.Debug|iPhone.Deploy.0 = Debug|Any CPU
		{21224736-6B4C-4A02-A36E-0C4698B63E94}.Debug|iPhoneSimulator.ActiveCfg = Debug|Any CPU
		{21224736-6B4C-4A02-A36E-0C4698B63E94}.Debug|iPhoneSimulator.Build.0 = Debug|Any CPU
		{21224736-6B4C-4A02-A36E-0C4698B63E94}.Debug|iPhoneSimulator.Deploy.0 = Debug|Any CPU
		{21224736-6B4C-4A02-A36E-0C4698B63E94}.Debug|x64.ActiveCfg = Debug|Any CPU
		{21224736-6B4C-4A02-A36E-0C4698B63E94}.Debug|x64.Build.0 = Debug|Any CPU
		{21224736-6B4C-4A02-A36E-0C4698B63E94}.Debug|x64.Deploy.0 = Debug|Any CPU
		{21224736-6B4C-4A02-A36E-0C4698B63E94}.Debug|x86.ActiveCfg = Debug|Any CPU
		{21224736-6B4C-4A02-A36E-0C4698B63E94}.Debug|x86.Build.0 = Debug|Any CPU
		{21224736-6B4C-4A02-A36E-0C4698B63E94}.Debug|x86.Deploy.0 = Debug|Any CPU
		{21224736-6B4C-4A02-A36E-0C4698B63E94}.Release|Any CPU.ActiveCfg = Release|Any CPU
		{21224736-6B4C-4A02-A36E-0C4698B63E94}.Release|Any CPU.Build.0 = Release|Any CPU
		{21224736-6B4C-4A02-A36E-0C4698B63E94}.Release|Any CPU.Deploy.0 = Release|Any CPU
		{21224736-6B4C-4A02-A36E-0C4698B63E94}.Release|ARM.ActiveCfg = Release|Any CPU
		{21224736-6B4C-4A02-A36E-0C4698B63E94}.Release|ARM.Build.0 = Release|Any CPU
		{21224736-6B4C-4A02-A36E-0C4698B63E94}.Release|ARM.Deploy.0 = Release|Any CPU
		{21224736-6B4C-4A02-A36E-0C4698B63E94}.Release|iPhone.ActiveCfg = Release|Any CPU
		{21224736-6B4C-4A02-A36E-0C4698B63E94}.Release|iPhone.Build.0 = Release|Any CPU
		{21224736-6B4C-4A02-A36E-0C4698B63E94}.Release|iPhone.Deploy.0 = Release|Any CPU
		{21224736-6B4C-4A02-A36E-0C4698B63E94}.Release|iPhoneSimulator.ActiveCfg = Release|Any CPU
		{21224736-6B4C-4A02-A36E-0C4698B63E94}.Release|iPhoneSimulator.Build.0 = Release|Any CPU
		{21224736-6B4C-4A02-A36E-0C4698B63E94}.Release|iPhoneSimulator.Deploy.0 = Release|Any CPU
		{21224736-6B4C-4A02-A36E-0C4698B63E94}.Release|x64.ActiveCfg = Release|Any CPU
		{21224736-6B4C-4A02-A36E-0C4698B63E94}.Release|x64.Build.0 = Release|Any CPU
		{21224736-6B4C-4A02-A36E-0C4698B63E94}.Release|x64.Deploy.0 = Release|Any CPU
		{21224736-6B4C-4A02-A36E-0C4698B63E94}.Release|x86.ActiveCfg = Release|Any CPU
		{21224736-6B4C-4A02-A36E-0C4698B63E94}.Release|x86.Build.0 = Release|Any CPU
		{21224736-6B4C-4A02-A36E-0C4698B63E94}.Release|x86.Deploy.0 = Release|Any CPU
		{6674CBF9-EFB7-4DE3-8BDB-43B00676304A}.Debug|Any CPU.ActiveCfg = Debug|iPhone
		{6674CBF9-EFB7-4DE3-8BDB-43B00676304A}.Debug|Any CPU.Build.0 = Debug|iPhone
		{6674CBF9-EFB7-4DE3-8BDB-43B00676304A}.Debug|Any CPU.Deploy.0 = Debug|iPhone
		{6674CBF9-EFB7-4DE3-8BDB-43B00676304A}.Debug|ARM.ActiveCfg = Debug|iPhoneSimulator
		{6674CBF9-EFB7-4DE3-8BDB-43B00676304A}.Debug|ARM.Build.0 = Debug|iPhoneSimulator
		{6674CBF9-EFB7-4DE3-8BDB-43B00676304A}.Debug|ARM.Deploy.0 = Debug|iPhoneSimulator
		{6674CBF9-EFB7-4DE3-8BDB-43B00676304A}.Debug|iPhone.ActiveCfg = Debug|iPhone
		{6674CBF9-EFB7-4DE3-8BDB-43B00676304A}.Debug|iPhone.Build.0 = Debug|iPhone
		{6674CBF9-EFB7-4DE3-8BDB-43B00676304A}.Debug|iPhone.Deploy.0 = Debug|iPhone
		{6674CBF9-EFB7-4DE3-8BDB-43B00676304A}.Debug|iPhoneSimulator.ActiveCfg = Debug|iPhoneSimulator
		{6674CBF9-EFB7-4DE3-8BDB-43B00676304A}.Debug|iPhoneSimulator.Build.0 = Debug|iPhoneSimulator
		{6674CBF9-EFB7-4DE3-8BDB-43B00676304A}.Debug|iPhoneSimulator.Deploy.0 = Debug|iPhoneSimulator
		{6674CBF9-EFB7-4DE3-8BDB-43B00676304A}.Debug|x64.ActiveCfg = Debug|iPhone
		{6674CBF9-EFB7-4DE3-8BDB-43B00676304A}.Debug|x64.Build.0 = Debug|iPhone
		{6674CBF9-EFB7-4DE3-8BDB-43B00676304A}.Debug|x64.Deploy.0 = Debug|iPhone
		{6674CBF9-EFB7-4DE3-8BDB-43B00676304A}.Debug|x86.ActiveCfg = Debug|iPhone
		{6674CBF9-EFB7-4DE3-8BDB-43B00676304A}.Debug|x86.Build.0 = Debug|iPhone
		{6674CBF9-EFB7-4DE3-8BDB-43B00676304A}.Debug|x86.Deploy.0 = Debug|iPhone
		{6674CBF9-EFB7-4DE3-8BDB-43B00676304A}.Release|Any CPU.ActiveCfg = Release|iPhone
		{6674CBF9-EFB7-4DE3-8BDB-43B00676304A}.Release|Any CPU.Build.0 = Release|iPhone
		{6674CBF9-EFB7-4DE3-8BDB-43B00676304A}.Release|Any CPU.Deploy.0 = Release|iPhone
		{6674CBF9-EFB7-4DE3-8BDB-43B00676304A}.Release|ARM.ActiveCfg = Release|iPhone
		{6674CBF9-EFB7-4DE3-8BDB-43B00676304A}.Release|ARM.Build.0 = Release|iPhone
		{6674CBF9-EFB7-4DE3-8BDB-43B00676304A}.Release|ARM.Deploy.0 = Release|iPhone
		{6674CBF9-EFB7-4DE3-8BDB-43B00676304A}.Release|iPhone.ActiveCfg = Release|iPhone
		{6674CBF9-EFB7-4DE3-8BDB-43B00676304A}.Release|iPhone.Build.0 = Release|iPhone
		{6674CBF9-EFB7-4DE3-8BDB-43B00676304A}.Release|iPhone.Deploy.0 = Release|iPhone
		{6674CBF9-EFB7-4DE3-8BDB-43B00676304A}.Release|iPhoneSimulator.ActiveCfg = Release|iPhoneSimulator
		{6674CBF9-EFB7-4DE3-8BDB-43B00676304A}.Release|iPhoneSimulator.Build.0 = Release|iPhoneSimulator
		{6674CBF9-EFB7-4DE3-8BDB-43B00676304A}.Release|iPhoneSimulator.Deploy.0 = Release|iPhoneSimulator
		{6674CBF9-EFB7-4DE3-8BDB-43B00676304A}.Release|x64.ActiveCfg = Release|iPhone
		{6674CBF9-EFB7-4DE3-8BDB-43B00676304A}.Release|x64.Build.0 = Release|iPhone
		{6674CBF9-EFB7-4DE3-8BDB-43B00676304A}.Release|x64.Deploy.0 = Release|iPhone
		{6674CBF9-EFB7-4DE3-8BDB-43B00676304A}.Release|x86.ActiveCfg = Release|iPhone
		{6674CBF9-EFB7-4DE3-8BDB-43B00676304A}.Release|x86.Build.0 = Release|iPhone
		{6674CBF9-EFB7-4DE3-8BDB-43B00676304A}.Release|x86.Deploy.0 = Release|iPhone
		{6944E6F9-0927-4B5D-9D79-E81CC8FEC185}.Debug|Any CPU.ActiveCfg = Debug|Any CPU
		{6944E6F9-0927-4B5D-9D79-E81CC8FEC185}.Debug|Any CPU.Build.0 = Debug|Any CPU
		{6944E6F9-0927-4B5D-9D79-E81CC8FEC185}.Debug|Any CPU.Deploy.0 = Debug|Any CPU
		{6944E6F9-0927-4B5D-9D79-E81CC8FEC185}.Debug|ARM.ActiveCfg = Debug|Any CPU
		{6944E6F9-0927-4B5D-9D79-E81CC8FEC185}.Debug|ARM.Build.0 = Debug|Any CPU
		{6944E6F9-0927-4B5D-9D79-E81CC8FEC185}.Debug|ARM.Deploy.0 = Debug|Any CPU
		{6944E6F9-0927-4B5D-9D79-E81CC8FEC185}.Debug|iPhone.ActiveCfg = Debug|Any CPU
		{6944E6F9-0927-4B5D-9D79-E81CC8FEC185}.Debug|iPhone.Build.0 = Debug|Any CPU
		{6944E6F9-0927-4B5D-9D79-E81CC8FEC185}.Debug|iPhone.Deploy.0 = Debug|Any CPU
		{6944E6F9-0927-4B5D-9D79-E81CC8FEC185}.Debug|iPhoneSimulator.ActiveCfg = Debug|Any CPU
		{6944E6F9-0927-4B5D-9D79-E81CC8FEC185}.Debug|iPhoneSimulator.Build.0 = Debug|Any CPU
		{6944E6F9-0927-4B5D-9D79-E81CC8FEC185}.Debug|iPhoneSimulator.Deploy.0 = Debug|Any CPU
		{6944E6F9-0927-4B5D-9D79-E81CC8FEC185}.Debug|x64.ActiveCfg = Debug|Any CPU
		{6944E6F9-0927-4B5D-9D79-E81CC8FEC185}.Debug|x64.Build.0 = Debug|Any CPU
		{6944E6F9-0927-4B5D-9D79-E81CC8FEC185}.Debug|x64.Deploy.0 = Debug|Any CPU
		{6944E6F9-0927-4B5D-9D79-E81CC8FEC185}.Debug|x86.ActiveCfg = Debug|Any CPU
		{6944E6F9-0927-4B5D-9D79-E81CC8FEC185}.Debug|x86.Build.0 = Debug|Any CPU
		{6944E6F9-0927-4B5D-9D79-E81CC8FEC185}.Debug|x86.Deploy.0 = Debug|Any CPU
		{6944E6F9-0927-4B5D-9D79-E81CC8FEC185}.Release|Any CPU.ActiveCfg = Release|Any CPU
		{6944E6F9-0927-4B5D-9D79-E81CC8FEC185}.Release|Any CPU.Build.0 = Release|Any CPU
		{6944E6F9-0927-4B5D-9D79-E81CC8FEC185}.Release|Any CPU.Deploy.0 = Release|Any CPU
		{6944E6F9-0927-4B5D-9D79-E81CC8FEC185}.Release|ARM.ActiveCfg = Release|Any CPU
		{6944E6F9-0927-4B5D-9D79-E81CC8FEC185}.Release|ARM.Build.0 = Release|Any CPU
		{6944E6F9-0927-4B5D-9D79-E81CC8FEC185}.Release|ARM.Deploy.0 = Release|Any CPU
		{6944E6F9-0927-4B5D-9D79-E81CC8FEC185}.Release|iPhone.ActiveCfg = Release|Any CPU
		{6944E6F9-0927-4B5D-9D79-E81CC8FEC185}.Release|iPhone.Build.0 = Release|Any CPU
		{6944E6F9-0927-4B5D-9D79-E81CC8FEC185}.Release|iPhone.Deploy.0 = Release|Any CPU
		{6944E6F9-0927-4B5D-9D79-E81CC8FEC185}.Release|iPhoneSimulator.ActiveCfg = Release|Any CPU
		{6944E6F9-0927-4B5D-9D79-E81CC8FEC185}.Release|iPhoneSimulator.Build.0 = Release|Any CPU
		{6944E6F9-0927-4B5D-9D79-E81CC8FEC185}.Release|iPhoneSimulator.Deploy.0 = Release|Any CPU
		{6944E6F9-0927-4B5D-9D79-E81CC8FEC185}.Release|x64.ActiveCfg = Release|Any CPU
		{6944E6F9-0927-4B5D-9D79-E81CC8FEC185}.Release|x64.Build.0 = Release|Any CPU
		{6944E6F9-0927-4B5D-9D79-E81CC8FEC185}.Release|x64.Deploy.0 = Release|Any CPU
		{6944E6F9-0927-4B5D-9D79-E81CC8FEC185}.Release|x86.ActiveCfg = Release|Any CPU
		{6944E6F9-0927-4B5D-9D79-E81CC8FEC185}.Release|x86.Build.0 = Release|Any CPU
		{6944E6F9-0927-4B5D-9D79-E81CC8FEC185}.Release|x86.Deploy.0 = Release|Any CPU
	EndGlobalSection
	GlobalSection(SolutionProperties) = preSolution
		HideSolutionNode = FALSE
	EndGlobalSection
	GlobalSection(ExtensibilityGlobals) = postSolution
		SolutionGuid = {6BC464E4-4DF6-45F2-8FE5-050A00FCB881}
	EndGlobalSection
EndGlobal
