
Microsoft Visual Studio Solution File, Format Version 12.00
# Visual Studio 15
VisualStudioVersion = 15.0.28307.779
MinimumVisualStudioVersion = 10.0.40219.1
Project("{FAE04EC0-301F-11D3-BF4B-00C04F79EFBC}") = "CA2_2019_11_09", "CA2_2019_11_09\CA2_2019_11_09.csproj", "{ABA68626-A4B1-4692-966F-27A0C6F624A4}"
EndProject
Global
	GlobalSection(SolutionConfigurationPlatforms) = preSolution
		Debug|Any CPU = Debug|Any CPU
		Release|Any CPU = Release|Any CPU
	EndGlobalSection
	GlobalSection(ProjectConfigurationPlatforms) = postSolution
		{ABA68626-A4B1-4692-966F-27A0C6F624A4}.Debug|Any CPU.ActiveCfg = Debug|Any CPU
		{ABA68626-A4B1-4692-966F-27A0C6F624A4}.Debug|Any CPU.Build.0 = Debug|Any CPU
		{ABA68626-A4B1-4692-966F-27A0C6F624A4}.Release|Any CPU.ActiveCfg = Release|Any CPU
		{ABA68626-A4B1-4692-966F-27A0C6F624A4}.Release|Any CPU.Build.0 = Release|Any CPU
	EndGlobalSection
	GlobalSection(SolutionProperties) = preSolution
		HideSolutionNode = FALSE
	EndGlobalSection
	GlobalSection(ExtensibilityGlobals) = postSolution
		SolutionGuid = {DA079AA0-55CD-4908-8911-DDDCC232FE63}
	EndGlobalSection
EndGlobal
