
Microsoft Visual Studio Solution File, Format Version 12.00
# Visual Studio Version 16
VisualStudioVersion = 16.0.29709.97
MinimumVisualStudioVersion = 10.0.40219.1
Project("{FAE04EC0-301F-11D3-BF4B-00C04F79EFBC}") = "MvvmTutorial.UWP", "MvvmTutorial\MvvmTutorial.UWP\MvvmTutorial.UWP.csproj", "{F659FED7-68F7-45ED-A37D-A6CC342087C3}"
EndProject
Project("{FAE04EC0-301F-11D3-BF4B-00C04F79EFBC}") = "MvvmTutorial.Android", "MvvmTutorial\MvvmTutorial.Android\MvvmTutorial.Android.csproj", "{1ECF38B5-993F-4D93-96A2-9D98F891D7B3}"
EndProject
Project("{FAE04EC0-301F-11D3-BF4B-00C04F79EFBC}") = "MvvmTutorial.iOS", "MvvmTutorial\MvvmTutorial.iOS\MvvmTutorial.iOS.csproj", "{E72376E8-712D-4BC6-8C99-4676E3D27F28}"
EndProject
Project("{FAE04EC0-301F-11D3-BF4B-00C04F79EFBC}") = "MvvmTutorial", "MvvmTutorial\MvvmTutorial\MvvmTutorial.csproj", "{DEE7775D-0CF7-491F-A4A4-9622FDB5BF68}"
EndProject
Global
	GlobalSection(SolutionConfigurationPlatforms) = preSolution
		Debug|Any CPU = Debug|Any CPU
		Debug|ARM = Debug|ARM
		Debug|iPhone = Debug|iPhone
		Debug|iPhoneSimulator = Debug|iPhoneSimulator
		Debug|x64 = Debug|x64
		Debug|x86 = Debug|x86
		Release|Any CPU = Release|Any CPU
		Release|ARM = Release|ARM
		Release|iPhone = Release|iPhone
		Release|iPhoneSimulator = Release|iPhoneSimulator
		Release|x64 = Release|x64
		Release|x86 = Release|x86
	EndGlobalSection
	GlobalSection(ProjectConfigurationPlatforms) = postSolution
		{F659FED7-68F7-45ED-A37D-A6CC342087C3}.Debug|Any CPU.ActiveCfg = Debug|x86
		{F659FED7-68F7-45ED-A37D-A6CC342087C3}.Debug|Any CPU.Build.0 = Debug|x86
		{F659FED7-68F7-45ED-A37D-A6CC342087C3}.Debug|Any CPU.Deploy.0 = Debug|x86
		{F659FED7-68F7-45ED-A37D-A6CC342087C3}.Debug|ARM.ActiveCfg = Debug|ARM
		{F659FED7-68F7-45ED-A37D-A6CC342087C3}.Debug|ARM.Build.0 = Debug|ARM
		{F659FED7-68F7-45ED-A37D-A6CC342087C3}.Debug|ARM.Deploy.0 = Debug|ARM
		{F659FED7-68F7-45ED-A37D-A6CC342087C3}.Debug|iPhone.ActiveCfg = Debug|x86
		{F659FED7-68F7-45ED-A37D-A6CC342087C3}.Debug|iPhone.Build.0 = Debug|x86
		{F659FED7-68F7-45ED-A37D-A6CC342087C3}.Debug|iPhone.Deploy.0 = Debug|x86
		{F659FED7-68F7-45ED-A37D-A6CC342087C3}.Debug|iPhoneSimulator.ActiveCfg = Debug|x86
		{F659FED7-68F7-45ED-A37D-A6CC342087C3}.Debug|iPhoneSimulator.Build.0 = Debug|x86
		{F659FED7-68F7-45ED-A37D-A6CC342087C3}.Debug|iPhoneSimulator.Deploy.0 = Debug|x86
		{F659FED7-68F7-45ED-A37D-A6CC342087C3}.Debug|x64.ActiveCfg = Debug|x64
		{F659FED7-68F7-45ED-A37D-A6CC342087C3}.Debug|x64.Build.0 = Debug|x64
		{F659FED7-68F7-45ED-A37D-A6CC342087C3}.Debug|x64.Deploy.0 = Debug|x64
		{F659FED7-68F7-45ED-A37D-A6CC342087C3}.Debug|x86.ActiveCfg = Debug|x86
		{F659FED7-68F7-45ED-A37D-A6CC342087C3}.Debug|x86.Build.0 = Debug|x86
		{F659FED7-68F7-45ED-A37D-A6CC342087C3}.Debug|x86.Deploy.0 = Debug|x86
		{F659FED7-68F7-45ED-A37D-A6CC342087C3}.Release|Any CPU.ActiveCfg = Release|x86
		{F659FED7-68F7-45ED-A37D-A6CC342087C3}.Release|Any CPU.Build.0 = Release|x86
		{F659FED7-68F7-45ED-A37D-A6CC342087C3}.Release|Any CPU.Deploy.0 = Release|x86
		{F659FED7-68F7-45ED-A37D-A6CC342087C3}.Release|ARM.ActiveCfg = Release|ARM
		{F659FED7-68F7-45ED-A37D-A6CC342087C3}.Release|ARM.Build.0 = Release|ARM
		{F659FED7-68F7-45ED-A37D-A6CC342087C3}.Release|ARM.Deploy.0 = Release|ARM
		{F659FED7-68F7-45ED-A37D-A6CC342087C3}.Release|iPhone.ActiveCfg = Release|x86
		{F659FED7-68F7-45ED-A37D-A6CC342087C3}.Release|iPhone.Build.0 = Release|x86
		{F659FED7-68F7-45ED-A37D-A6CC342087C3}.Release|iPhone.Deploy.0 = Release|x86
		{F659FED7-68F7-45ED-A37D-A6CC342087C3}.Release|iPhoneSimulator.ActiveCfg = Release|x86
		{F659FED7-68F7-45ED-A37D-A6CC342087C3}.Release|iPhoneSimulator.Build.0 = Release|x86
		{F659FED7-68F7-45ED-A37D-A6CC342087C3}.Release|iPhoneSimulator.Deploy.0 = Release|x86
		{F659FED7-68F7-45ED-A37D-A6CC342087C3}.Release|x64.ActiveCfg = Release|x64
		{F659FED7-68F7-45ED-A37D-A6CC342087C3}.Release|x64.Build.0 = Release|x64
		{F659FED7-68F7-45ED-A37D-A6CC342087C3}.Release|x64.Deploy.0 = Release|x64
		{F659FED7-68F7-45ED-A37D-A6CC342087C3}.Release|x86.ActiveCfg = Release|x86
		{F659FED7-68F7-45ED-A37D-A6CC342087C3}.Release|x86.Build.0 = Release|x86
		{F659FED7-68F7-45ED-A37D-A6CC342087C3}.Release|x86.Deploy.0 = Release|x86
		{1ECF38B5-993F-4D93-96A2-9D98F891D7B3}.Debug|Any CPU.ActiveCfg = Debug|Any CPU
		{1ECF38B5-993F-4D93-96A2-9D98F891D7B3}.Debug|Any CPU.Build.0 = Debug|Any CPU
		{1ECF38B5-993F-4D93-96A2-9D98F891D7B3}.Debug|Any CPU.Deploy.0 = Debug|Any CPU
		{1ECF38B5-993F-4D93-96A2-9D98F891D7B3}.Debug|ARM.ActiveCfg = Debug|Any CPU
		{1ECF38B5-993F-4D93-96A2-9D98F891D7B3}.Debug|ARM.Build.0 = Debug|Any CPU
		{1ECF38B5-993F-4D93-96A2-9D98F891D7B3}.Debug|ARM.Deploy.0 = Debug|Any CPU
		{1ECF38B5-993F-4D93-96A2-9D98F891D7B3}.Debug|iPhone.ActiveCfg = Debug|Any CPU
		{1ECF38B5-993F-4D93-96A2-9D98F891D7B3}.Debug|iPhone.Build.0 = Debug|Any CPU
		{1ECF38B5-993F-4D93-96A2-9D98F891D7B3}.Debug|iPhone.Deploy.0 = Debug|Any CPU
		{1ECF38B5-993F-4D93-96A2-9D98F891D7B3}.Debug|iPhoneSimulator.ActiveCfg = Debug|Any CPU
		{1ECF38B5-993F-4D93-96A2-9D98F891D7B3}.Debug|iPhoneSimulator.Build.0 = Debug|Any CPU
		{1ECF38B5-993F-4D93-96A2-9D98F891D7B3}.Debug|iPhoneSimulator.Deploy.0 = Debug|Any CPU
		{1ECF38B5-993F-4D93-96A2-9D98F891D7B3}.Debug|x64.ActiveCfg = Debug|Any CPU
		{1ECF38B5-993F-4D93-96A2-9D98F891D7B3}.Debug|x64.Build.0 = Debug|Any CPU
		{1ECF38B5-993F-4D93-96A2-9D98F891D7B3}.Debug|x64.Deploy.0 = Debug|Any CPU
		{1ECF38B5-993F-4D93-96A2-9D98F891D7B3}.Debug|x86.ActiveCfg = Debug|Any CPU
		{1ECF38B5-993F-4D93-96A2-9D98F891D7B3}.Debug|x86.Build.0 = Debug|Any CPU
		{1ECF38B5-993F-4D93-96A2-9D98F891D7B3}.Debug|x86.Deploy.0 = Debug|Any CPU
		{1ECF38B5-993F-4D93-96A2-9D98F891D7B3}.Release|Any CPU.ActiveCfg = Release|Any CPU
		{1ECF38B5-993F-4D93-96A2-9D98F891D7B3}.Release|Any CPU.Build.0 = Release|Any CPU
		{1ECF38B5-993F-4D93-96A2-9D98F891D7B3}.Release|Any CPU.Deploy.0 = Release|Any CPU
		{1ECF38B5-993F-4D93-96A2-9D98F891D7B3}.Release|ARM.ActiveCfg = Release|Any CPU
		{1ECF38B5-993F-4D93-96A2-9D98F891D7B3}.Release|ARM.Build.0 = Release|Any CPU
		{1ECF38B5-993F-4D93-96A2-9D98F891D7B3}.Release|ARM.Deploy.0 = Release|Any CPU
		{1ECF38B5-993F-4D93-96A2-9D98F891D7B3}.Release|iPhone.ActiveCfg = Release|Any CPU
		{1ECF38B5-993F-4D93-96A2-9D98F891D7B3}.Release|iPhone.Build.0 = Release|Any CPU
		{1ECF38B5-993F-4D93-96A2-9D98F891D7B3}.Release|iPhone.Deploy.0 = Release|Any CPU
		{1ECF38B5-993F-4D93-96A2-9D98F891D7B3}.Release|iPhoneSimulator.ActiveCfg = Release|Any CPU
		{1ECF38B5-993F-4D93-96A2-9D98F891D7B3}.Release|iPhoneSimulator.Build.0 = Release|Any CPU
		{1ECF38B5-993F-4D93-96A2-9D98F891D7B3}.Release|iPhoneSimulator.Deploy.0 = Release|Any CPU
		{1ECF38B5-993F-4D93-96A2-9D98F891D7B3}.Release|x64.ActiveCfg = Release|Any CPU
		{1ECF38B5-993F-4D93-96A2-9D98F891D7B3}.Release|x64.Build.0 = Release|Any CPU
		{1ECF38B5-993F-4D93-96A2-9D98F891D7B3}.Release|x64.Deploy.0 = Release|Any CPU
		{1ECF38B5-993F-4D93-96A2-9D98F891D7B3}.Release|x86.ActiveCfg = Release|Any CPU
		{1ECF38B5-993F-4D93-96A2-9D98F891D7B3}.Release|x86.Build.0 = Release|Any CPU
		{1ECF38B5-993F-4D93-96A2-9D98F891D7B3}.Release|x86.Deploy.0 = Release|Any CPU
		{E72376E8-712D-4BC6-8C99-4676E3D27F28}.Debug|Any CPU.ActiveCfg = Debug|iPhone
		{E72376E8-712D-4BC6-8C99-4676E3D27F28}.Debug|Any CPU.Build.0 = Debug|iPhone
		{E72376E8-712D-4BC6-8C99-4676E3D27F28}.Debug|Any CPU.Deploy.0 = Debug|iPhone
		{E72376E8-712D-4BC6-8C99-4676E3D27F28}.Debug|ARM.ActiveCfg = Debug|iPhoneSimulator
		{E72376E8-712D-4BC6-8C99-4676E3D27F28}.Debug|ARM.Build.0 = Debug|iPhoneSimulator
		{E72376E8-712D-4BC6-8C99-4676E3D27F28}.Debug|ARM.Deploy.0 = Debug|iPhoneSimulator
		{E72376E8-712D-4BC6-8C99-4676E3D27F28}.Debug|iPhone.ActiveCfg = Debug|iPhone
		{E72376E8-712D-4BC6-8C99-4676E3D27F28}.Debug|iPhone.Build.0 = Debug|iPhone
		{E72376E8-712D-4BC6-8C99-4676E3D27F28}.Debug|iPhone.Deploy.0 = Debug|iPhone
		{E72376E8-712D-4BC6-8C99-4676E3D27F28}.Debug|iPhoneSimulator.ActiveCfg = Debug|iPhoneSimulator
		{E72376E8-712D-4BC6-8C99-4676E3D27F28}.Debug|iPhoneSimulator.Build.0 = Debug|iPhoneSimulator
		{E72376E8-712D-4BC6-8C99-4676E3D27F28}.Debug|iPhoneSimulator.Deploy.0 = Debug|iPhoneSimulator
		{E72376E8-712D-4BC6-8C99-4676E3D27F28}.Debug|x64.ActiveCfg = Debug|iPhone
		{E72376E8-712D-4BC6-8C99-4676E3D27F28}.Debug|x64.Build.0 = Debug|iPhone
		{E72376E8-712D-4BC6-8C99-4676E3D27F28}.Debug|x64.Deploy.0 = Debug|iPhone
		{E72376E8-712D-4BC6-8C99-4676E3D27F28}.Debug|x86.ActiveCfg = Debug|iPhone
		{E72376E8-712D-4BC6-8C99-4676E3D27F28}.Debug|x86.Build.0 = Debug|iPhone
		{E72376E8-712D-4BC6-8C99-4676E3D27F28}.Debug|x86.Deploy.0 = Debug|iPhone
		{E72376E8-712D-4BC6-8C99-4676E3D27F28}.Release|Any CPU.ActiveCfg = Release|iPhone
		{E72376E8-712D-4BC6-8C99-4676E3D27F28}.Release|Any CPU.Build.0 = Release|iPhone
		{E72376E8-712D-4BC6-8C99-4676E3D27F28}.Release|Any CPU.Deploy.0 = Release|iPhone
		{E72376E8-712D-4BC6-8C99-4676E3D27F28}.Release|ARM.ActiveCfg = Release|iPhone
		{E72376E8-712D-4BC6-8C99-4676E3D27F28}.Release|ARM.Build.0 = Release|iPhone
		{E72376E8-712D-4BC6-8C99-4676E3D27F28}.Release|ARM.Deploy.0 = Release|iPhone
		{E72376E8-712D-4BC6-8C99-4676E3D27F28}.Release|iPhone.ActiveCfg = Release|iPhone
		{E72376E8-712D-4BC6-8C99-4676E3D27F28}.Release|iPhone.Build.0 = Release|iPhone
		{E72376E8-712D-4BC6-8C99-4676E3D27F28}.Release|iPhone.Deploy.0 = Release|iPhone
		{E72376E8-712D-4BC6-8C99-4676E3D27F28}.Release|iPhoneSimulator.ActiveCfg = Release|iPhoneSimulator
		{E72376E8-712D-4BC6-8C99-4676E3D27F28}.Release|iPhoneSimulator.Build.0 = Release|iPhoneSimulator
		{E72376E8-712D-4BC6-8C99-4676E3D27F28}.Release|iPhoneSimulator.Deploy.0 = Release|iPhoneSimulator
		{E72376E8-712D-4BC6-8C99-4676E3D27F28}.Release|x64.ActiveCfg = Release|iPhone
		{E72376E8-712D-4BC6-8C99-4676E3D27F28}.Release|x64.Build.0 = Release|iPhone
		{E72376E8-712D-4BC6-8C99-4676E3D27F28}.Release|x64.Deploy.0 = Release|iPhone
		{E72376E8-712D-4BC6-8C99-4676E3D27F28}.Release|x86.ActiveCfg = Release|iPhone
		{E72376E8-712D-4BC6-8C99-4676E3D27F28}.Release|x86.Build.0 = Release|iPhone
		{E72376E8-712D-4BC6-8C99-4676E3D27F28}.Release|x86.Deploy.0 = Release|iPhone
		{DEE7775D-0CF7-491F-A4A4-9622FDB5BF68}.Debug|Any CPU.ActiveCfg = Debug|Any CPU
		{DEE7775D-0CF7-491F-A4A4-9622FDB5BF68}.Debug|Any CPU.Build.0 = Debug|Any CPU
		{DEE7775D-0CF7-491F-A4A4-9622FDB5BF68}.Debug|Any CPU.Deploy.0 = Debug|Any CPU
		{DEE7775D-0CF7-491F-A4A4-9622FDB5BF68}.Debug|ARM.ActiveCfg = Debug|Any CPU
		{DEE7775D-0CF7-491F-A4A4-9622FDB5BF68}.Debug|ARM.Build.0 = Debug|Any CPU
		{DEE7775D-0CF7-491F-A4A4-9622FDB5BF68}.Debug|ARM.Deploy.0 = Debug|Any CPU
		{DEE7775D-0CF7-491F-A4A4-9622FDB5BF68}.Debug|iPhone.ActiveCfg = Debug|Any CPU
		{DEE7775D-0CF7-491F-A4A4-9622FDB5BF68}.Debug|iPhone.Build.0 = Debug|Any CPU
		{DEE7775D-0CF7-491F-A4A4-9622FDB5BF68}.Debug|iPhone.Deploy.0 = Debug|Any CPU
		{DEE7775D-0CF7-491F-A4A4-9622FDB5BF68}.Debug|iPhoneSimulator.ActiveCfg = Debug|Any CPU
		{DEE7775D-0CF7-491F-A4A4-9622FDB5BF68}.Debug|iPhoneSimulator.Build.0 = Debug|Any CPU
		{DEE7775D-0CF7-491F-A4A4-9622FDB5BF68}.Debug|iPhoneSimulator.Deploy.0 = Debug|Any CPU
		{DEE7775D-0CF7-491F-A4A4-9622FDB5BF68}.Debug|x64.ActiveCfg = Debug|Any CPU
		{DEE7775D-0CF7-491F-A4A4-9622FDB5BF68}.Debug|x64.Build.0 = Debug|Any CPU
		{DEE7775D-0CF7-491F-A4A4-9622FDB5BF68}.Debug|x64.Deploy.0 = Debug|Any CPU
		{DEE7775D-0CF7-491F-A4A4-9622FDB5BF68}.Debug|x86.ActiveCfg = Debug|Any CPU
		{DEE7775D-0CF7-491F-A4A4-9622FDB5BF68}.Debug|x86.Build.0 = Debug|Any CPU
		{DEE7775D-0CF7-491F-A4A4-9622FDB5BF68}.Debug|x86.Deploy.0 = Debug|Any CPU
		{DEE7775D-0CF7-491F-A4A4-9622FDB5BF68}.Release|Any CPU.ActiveCfg = Release|Any CPU
		{DEE7775D-0CF7-491F-A4A4-9622FDB5BF68}.Release|Any CPU.Build.0 = Release|Any CPU
		{DEE7775D-0CF7-491F-A4A4-9622FDB5BF68}.Release|Any CPU.Deploy.0 = Release|Any CPU
		{DEE7775D-0CF7-491F-A4A4-9622FDB5BF68}.Release|ARM.ActiveCfg = Release|Any CPU
		{DEE7775D-0CF7-491F-A4A4-9622FDB5BF68}.Release|ARM.Build.0 = Release|Any CPU
		{DEE7775D-0CF7-491F-A4A4-9622FDB5BF68}.Release|ARM.Deploy.0 = Release|Any CPU
		{DEE7775D-0CF7-491F-A4A4-9622FDB5BF68}.Release|iPhone.ActiveCfg = Release|Any CPU
		{DEE7775D-0CF7-491F-A4A4-9622FDB5BF68}.Release|iPhone.Build.0 = Release|Any CPU
		{DEE7775D-0CF7-491F-A4A4-9622FDB5BF68}.Release|iPhone.Deploy.0 = Release|Any CPU
		{DEE7775D-0CF7-491F-A4A4-9622FDB5BF68}.Release|iPhoneSimulator.ActiveCfg = Release|Any CPU
		{DEE7775D-0CF7-491F-A4A4-9622FDB5BF68}.Release|iPhoneSimulator.Build.0 = Release|Any CPU
		{DEE7775D-0CF7-491F-A4A4-9622FDB5BF68}.Release|iPhoneSimulator.Deploy.0 = Release|Any CPU
		{DEE7775D-0CF7-491F-A4A4-9622FDB5BF68}.Release|x64.ActiveCfg = Release|Any CPU
		{DEE7775D-0CF7-491F-A4A4-9622FDB5BF68}.Release|x64.Build.0 = Release|Any CPU
		{DEE7775D-0CF7-491F-A4A4-9622FDB5BF68}.Release|x64.Deploy.0 = Release|Any CPU
		{DEE7775D-0CF7-491F-A4A4-9622FDB5BF68}.Release|x86.ActiveCfg = Release|Any CPU
		{DEE7775D-0CF7-491F-A4A4-9622FDB5BF68}.Release|x86.Build.0 = Release|Any CPU
		{DEE7775D-0CF7-491F-A4A4-9622FDB5BF68}.Release|x86.Deploy.0 = Release|Any CPU
	EndGlobalSection
	GlobalSection(SolutionProperties) = preSolution
		HideSolutionNode = FALSE
	EndGlobalSection
	GlobalSection(ExtensibilityGlobals) = postSolution
		SolutionGuid = {2C91AD64-BC7B-4316-8789-B0D8AA828F5A}
	EndGlobalSection
EndGlobal
